
Microsoft Visual Studio Solution File, Format Version 12.00
# Visual Studio 2012
Project("{8BC9CEB8-8B4A-11D0-8D11-00A0C91BC942}") = "DrainwareSecurityAgent", "DrainwareSecurityAgent\DrainwareSecurityAgent.vcxproj", "{EF973D62-9A18-46FE-A341-27F6CA1E6F53}"
EndProject
Project("{8BC9CEB8-8B4A-11D0-8D11-00A0C91BC942}") = "DrainwareSecurityAgentPS", "DrainwareSecurityAgent\DrainwareSecurityAgentPS.vcxproj", "{29A748EA-7964-44DA-B301-76AC9BE4E057}"
	ProjectSection(ProjectDependencies) = postProject
		{EF973D62-9A18-46FE-A341-27F6CA1E6F53} = {EF973D62-9A18-46FE-A341-27F6CA1E6F53}
	EndProjectSection
EndProject
Project("{8BC9CEB8-8B4A-11D0-8D11-00A0C91BC942}") = "DrainwarePrintersMonitor", "DrainwarePrintersMonitor\DrainwarePrintersMonitor.vcxproj", "{2EB95DE1-2637-4374-8068-0E80B93928CA}"
	ProjectSection(ProjectDependencies) = postProject
		{29A748EA-7964-44DA-B301-76AC9BE4E057} = {29A748EA-7964-44DA-B301-76AC9BE4E057}
	EndProjectSection
EndProject
Project("{8BC9CEB8-8B4A-11D0-8D11-00A0C91BC942}") = "DwUserAgent", "DwUserAgent\DwUserAgent.vcxproj", "{C44CCC37-CAAB-463B-BECE-7177EC6F7403}"
	ProjectSection(ProjectDependencies) = postProject
		{F07C9FD8-6E46-4C34-99F2-F998597AA778} = {F07C9FD8-6E46-4C34-99F2-F998597AA778}
		{29A748EA-7964-44DA-B301-76AC9BE4E057} = {29A748EA-7964-44DA-B301-76AC9BE4E057}
	EndProjectSection
EndProject
Project("{8BC9CEB8-8B4A-11D0-8D11-00A0C91BC942}") = "DrainwareShellExt", "DrainwareShellExt\DrainwareShellExt.vcxproj", "{75158071-1EAB-407E-9C7C-DDC8D2A91407}"
	ProjectSection(ProjectDependencies) = postProject
		{29A748EA-7964-44DA-B301-76AC9BE4E057} = {29A748EA-7964-44DA-B301-76AC9BE4E057}
	EndProjectSection
EndProject
Project("{8BC9CEB8-8B4A-11D0-8D11-00A0C91BC942}") = "DwLib", "DwLib\DwLib.vcxproj", "{F07C9FD8-6E46-4C34-99F2-F998597AA778}"
EndProject
Project("{8BC9CEB8-8B4A-11D0-8D11-00A0C91BC942}") = "DrainwareSandbox32", "HeapLocker32\HeapLocker32.vcxproj", "{7635A628-49C1-4DFC-AFE1-877EE5DD8C08}"
EndProject
Project("{8BC9CEB8-8B4A-11D0-8D11-00A0C91BC942}") = "DrainwareSandbox64", "HeapLocker64\HeapLocker64.vcxproj", "{ECFD3BC1-5E94-49A0-952B-0D1A987272B1}"
	ProjectSection(ProjectDependencies) = postProject
		{29A748EA-7964-44DA-B301-76AC9BE4E057} = {29A748EA-7964-44DA-B301-76AC9BE4E057}
	EndProjectSection
EndProject
Project("{8BC9CEB8-8B4A-11D0-8D11-00A0C91BC942}") = "DrainwareSandboxLoader", "DrainwareSandboxLoader\DrainwareSandboxLoader.vcxproj", "{1F43F17B-D311-4CDE-BABA-2D5988EC43E0}"
EndProject
Project("{8BC9CEB8-8B4A-11D0-8D11-00A0C91BC942}") = "DrainwareFilter", "DrainwareFilter\DrainwareFilter.vcxproj", "{3EA8A696-21A9-47D1-9699-4996DB5D0E17}"
EndProject
Project("{8BC9CEB8-8B4A-11D0-8D11-00A0C91BC942}") = "DrainwareFilter Package", "DrainwareFilter Package\DrainwareFilter Package.vcxproj", "{824E9543-D1D9-4AC7-AD90-CA195960A254}"
	ProjectSection(ProjectDependencies) = postProject
		{3EA8A696-21A9-47D1-9699-4996DB5D0E17} = {3EA8A696-21A9-47D1-9699-4996DB5D0E17}
	EndProjectSection
EndProject
Project("{8BC9CEB8-8B4A-11D0-8D11-00A0C91BC942}") = "DseWebSetup", "DseWebSetup\DseWebSetup.vcxproj", "{AB4DAFBE-7289-434D-AAB0-DBF82F37E59C}"
	ProjectSection(ProjectDependencies) = postProject
		{F07C9FD8-6E46-4C34-99F2-F998597AA778} = {F07C9FD8-6E46-4C34-99F2-F998597AA778}
	EndProjectSection
EndProject
Project("{8BC9CEB8-8B4A-11D0-8D11-00A0C91BC942}") = "sdse", "sdse\sdse.vcxproj", "{4D5DBD1F-646C-4C20-8DFA-36A70FB3D18C}"
EndProject
Global
	GlobalSection(SolutionConfigurationPlatforms) = preSolution
		CD_ROM|Win32 = CD_ROM|Win32
		CD_ROM|x64 = CD_ROM|x64
		Debug|Win32 = Debug|Win32
		Debug|x64 = Debug|x64
		DVD-5|Win32 = DVD-5|Win32
		DVD-5|x64 = DVD-5|x64
		Release|Win32 = Release|Win32
		Release|x64 = Release|x64
		SingleImage|Win32 = SingleImage|Win32
		SingleImage|x64 = SingleImage|x64
		Vista Debug|Win32 = Vista Debug|Win32
		Vista Debug|x64 = Vista Debug|x64
		Vista Release|Win32 = Vista Release|Win32
		Vista Release|x64 = Vista Release|x64
		Win7 Debug|Win32 = Win7 Debug|Win32
		Win7 Debug|x64 = Win7 Debug|x64
		Win7 Release|Win32 = Win7 Release|Win32
		Win7 Release|x64 = Win7 Release|x64
		Win8 Debug|Win32 = Win8 Debug|Win32
		Win8 Debug|x64 = Win8 Debug|x64
		Win8 Release|Win32 = Win8 Release|Win32
		Win8 Release|x64 = Win8 Release|x64
	EndGlobalSection
	GlobalSection(ProjectConfigurationPlatforms) = postSolution
		{EF973D62-9A18-46FE-A341-27F6CA1E6F53}.CD_ROM|Win32.ActiveCfg = Release|Win32
		{EF973D62-9A18-46FE-A341-27F6CA1E6F53}.CD_ROM|Win32.Build.0 = Release|Win32
		{EF973D62-9A18-46FE-A341-27F6CA1E6F53}.CD_ROM|Win32.Deploy.0 = Release|Win32
		{EF973D62-9A18-46FE-A341-27F6CA1E6F53}.CD_ROM|x64.ActiveCfg = Release|x64
		{EF973D62-9A18-46FE-A341-27F6CA1E6F53}.CD_ROM|x64.Build.0 = Release|x64
		{EF973D62-9A18-46FE-A341-27F6CA1E6F53}.CD_ROM|x64.Deploy.0 = Release|x64
		{EF973D62-9A18-46FE-A341-27F6CA1E6F53}.Debug|Win32.ActiveCfg = Debug|Win32
		{EF973D62-9A18-46FE-A341-27F6CA1E6F53}.Debug|Win32.Build.0 = Debug|Win32
		{EF973D62-9A18-46FE-A341-27F6CA1E6F53}.Debug|x64.ActiveCfg = Debug|x64
		{EF973D62-9A18-46FE-A341-27F6CA1E6F53}.Debug|x64.Build.0 = Debug|x64
		{EF973D62-9A18-46FE-A341-27F6CA1E6F53}.DVD-5|Win32.ActiveCfg = Debug|Win32
		{EF973D62-9A18-46FE-A341-27F6CA1E6F53}.DVD-5|Win32.Build.0 = Debug|Win32
		{EF973D62-9A18-46FE-A341-27F6CA1E6F53}.DVD-5|Win32.Deploy.0 = Debug|Win32
		{EF973D62-9A18-46FE-A341-27F6CA1E6F53}.DVD-5|x64.ActiveCfg = Debug|x64
		{EF973D62-9A18-46FE-A341-27F6CA1E6F53}.DVD-5|x64.Build.0 = Debug|x64
		{EF973D62-9A18-46FE-A341-27F6CA1E6F53}.DVD-5|x64.Deploy.0 = Debug|x64
		{EF973D62-9A18-46FE-A341-27F6CA1E6F53}.Release|Win32.ActiveCfg = Release|Win32
		{EF973D62-9A18-46FE-A341-27F6CA1E6F53}.Release|Win32.Build.0 = Release|Win32
		{EF973D62-9A18-46FE-A341-27F6CA1E6F53}.Release|x64.ActiveCfg = Release|x64
		{EF973D62-9A18-46FE-A341-27F6CA1E6F53}.Release|x64.Build.0 = Release|x64
		{EF973D62-9A18-46FE-A341-27F6CA1E6F53}.SingleImage|Win32.ActiveCfg = Release|Win32
		{EF973D62-9A18-46FE-A341-27F6CA1E6F53}.SingleImage|Win32.Build.0 = Release|Win32
		{EF973D62-9A18-46FE-A341-27F6CA1E6F53}.SingleImage|Win32.Deploy.0 = Release|Win32
		{EF973D62-9A18-46FE-A341-27F6CA1E6F53}.SingleImage|x64.ActiveCfg = Release|x64
		{EF973D62-9A18-46FE-A341-27F6CA1E6F53}.SingleImage|x64.Build.0 = Release|x64
		{EF973D62-9A18-46FE-A341-27F6CA1E6F53}.SingleImage|x64.Deploy.0 = Release|x64
		{EF973D62-9A18-46FE-A341-27F6CA1E6F53}.Vista Debug|Win32.ActiveCfg = Debug|Win32
		{EF973D62-9A18-46FE-A341-27F6CA1E6F53}.Vista Debug|Win32.Build.0 = Debug|Win32
		{EF973D62-9A18-46FE-A341-27F6CA1E6F53}.Vista Debug|Win32.Deploy.0 = Debug|Win32
		{EF973D62-9A18-46FE-A341-27F6CA1E6F53}.Vista Debug|x64.ActiveCfg = Debug|x64
		{EF973D62-9A18-46FE-A341-27F6CA1E6F53}.Vista Debug|x64.Build.0 = Debug|x64
		{EF973D62-9A18-46FE-A341-27F6CA1E6F53}.Vista Debug|x64.Deploy.0 = Debug|x64
		{EF973D62-9A18-46FE-A341-27F6CA1E6F53}.Vista Release|Win32.ActiveCfg = Release|Win32
		{EF973D62-9A18-46FE-A341-27F6CA1E6F53}.Vista Release|Win32.Build.0 = Release|Win32
		{EF973D62-9A18-46FE-A341-27F6CA1E6F53}.Vista Release|Win32.Deploy.0 = Release|Win32
		{EF973D62-9A18-46FE-A341-27F6CA1E6F53}.Vista Release|x64.ActiveCfg = Release|x64
		{EF973D62-9A18-46FE-A341-27F6CA1E6F53}.Vista Release|x64.Build.0 = Release|x64
		{EF973D62-9A18-46FE-A341-27F6CA1E6F53}.Vista Release|x64.Deploy.0 = Release|x64
		{EF973D62-9A18-46FE-A341-27F6CA1E6F53}.Win7 Debug|Win32.ActiveCfg = Debug|Win32
		{EF973D62-9A18-46FE-A341-27F6CA1E6F53}.Win7 Debug|Win32.Build.0 = Debug|Win32
		{EF973D62-9A18-46FE-A341-27F6CA1E6F53}.Win7 Debug|Win32.Deploy.0 = Debug|Win32
		{EF973D62-9A18-46FE-A341-27F6CA1E6F53}.Win7 Debug|x64.ActiveCfg = Debug|x64
		{EF973D62-9A18-46FE-A341-27F6CA1E6F53}.Win7 Debug|x64.Build.0 = Debug|x64
		{EF973D62-9A18-46FE-A341-27F6CA1E6F53}.Win7 Debug|x64.Deploy.0 = Debug|x64
		{EF973D62-9A18-46FE-A341-27F6CA1E6F53}.Win7 Release|Win32.ActiveCfg = Release|Win32
		{EF973D62-9A18-46FE-A341-27F6CA1E6F53}.Win7 Release|Win32.Build.0 = Release|Win32
		{EF973D62-9A18-46FE-A341-27F6CA1E6F53}.Win7 Release|Win32.Deploy.0 = Release|Win32
		{EF973D62-9A18-46FE-A341-27F6CA1E6F53}.Win7 Release|x64.ActiveCfg = Release|x64
		{EF973D62-9A18-46FE-A341-27F6CA1E6F53}.Win7 Release|x64.Build.0 = Release|x64
		{EF973D62-9A18-46FE-A341-27F6CA1E6F53}.Win7 Release|x64.Deploy.0 = Release|x64
		{EF973D62-9A18-46FE-A341-27F6CA1E6F53}.Win8 Debug|Win32.ActiveCfg = Debug|Win32
		{EF973D62-9A18-46FE-A341-27F6CA1E6F53}.Win8 Debug|Win32.Build.0 = Debug|Win32
		{EF973D62-9A18-46FE-A341-27F6CA1E6F53}.Win8 Debug|Win32.Deploy.0 = Debug|Win32
		{EF973D62-9A18-46FE-A341-27F6CA1E6F53}.Win8 Debug|x64.ActiveCfg = Debug|x64
		{EF973D62-9A18-46FE-A341-27F6CA1E6F53}.Win8 Debug|x64.Build.0 = Debug|x64
		{EF973D62-9A18-46FE-A341-27F6CA1E6F53}.Win8 Debug|x64.Deploy.0 = Debug|x64
		{EF973D62-9A18-46FE-A341-27F6CA1E6F53}.Win8 Release|Win32.ActiveCfg = Release|Win32
		{EF973D62-9A18-46FE-A341-27F6CA1E6F53}.Win8 Release|Win32.Build.0 = Release|Win32
		{EF973D62-9A18-46FE-A341-27F6CA1E6F53}.Win8 Release|Win32.Deploy.0 = Release|Win32
		{EF973D62-9A18-46FE-A341-27F6CA1E6F53}.Win8 Release|x64.ActiveCfg = Release|x64
		{EF973D62-9A18-46FE-A341-27F6CA1E6F53}.Win8 Release|x64.Build.0 = Release|x64
		{EF973D62-9A18-46FE-A341-27F6CA1E6F53}.Win8 Release|x64.Deploy.0 = Release|x64
		{29A748EA-7964-44DA-B301-76AC9BE4E057}.CD_ROM|Win32.ActiveCfg = Release|Win32
		{29A748EA-7964-44DA-B301-76AC9BE4E057}.CD_ROM|Win32.Build.0 = Release|Win32
		{29A748EA-7964-44DA-B301-76AC9BE4E057}.CD_ROM|Win32.Deploy.0 = Release|Win32
		{29A748EA-7964-44DA-B301-76AC9BE4E057}.CD_ROM|x64.ActiveCfg = Release|x64
		{29A748EA-7964-44DA-B301-76AC9BE4E057}.CD_ROM|x64.Build.0 = Release|x64
		{29A748EA-7964-44DA-B301-76AC9BE4E057}.CD_ROM|x64.Deploy.0 = Release|x64
		{29A748EA-7964-44DA-B301-76AC9BE4E057}.Debug|Win32.ActiveCfg = Debug|Win32
		{29A748EA-7964-44DA-B301-76AC9BE4E057}.Debug|x64.ActiveCfg = Debug|x64
		{29A748EA-7964-44DA-B301-76AC9BE4E057}.DVD-5|Win32.ActiveCfg = Debug|Win32
		{29A748EA-7964-44DA-B301-76AC9BE4E057}.DVD-5|Win32.Build.0 = Debug|Win32
		{29A748EA-7964-44DA-B301-76AC9BE4E057}.DVD-5|Win32.Deploy.0 = Debug|Win32
		{29A748EA-7964-44DA-B301-76AC9BE4E057}.DVD-5|x64.ActiveCfg = Debug|x64
		{29A748EA-7964-44DA-B301-76AC9BE4E057}.DVD-5|x64.Build.0 = Debug|x64
		{29A748EA-7964-44DA-B301-76AC9BE4E057}.DVD-5|x64.Deploy.0 = Debug|x64
		{29A748EA-7964-44DA-B301-76AC9BE4E057}.Release|Win32.ActiveCfg = Release|Win32
		{29A748EA-7964-44DA-B301-76AC9BE4E057}.Release|Win32.Build.0 = Release|Win32
		{29A748EA-7964-44DA-B301-76AC9BE4E057}.Release|x64.ActiveCfg = Release|x64
		{29A748EA-7964-44DA-B301-76AC9BE4E057}.Release|x64.Build.0 = Release|x64
		{29A748EA-7964-44DA-B301-76AC9BE4E057}.SingleImage|Win32.ActiveCfg = Release|Win32
		{29A748EA-7964-44DA-B301-76AC9BE4E057}.SingleImage|Win32.Build.0 = Release|Win32
		{29A748EA-7964-44DA-B301-76AC9BE4E057}.SingleImage|Win32.Deploy.0 = Release|Win32
		{29A748EA-7964-44DA-B301-76AC9BE4E057}.SingleImage|x64.ActiveCfg = Release|x64
		{29A748EA-7964-44DA-B301-76AC9BE4E057}.SingleImage|x64.Build.0 = Release|x64
		{29A748EA-7964-44DA-B301-76AC9BE4E057}.SingleImage|x64.Deploy.0 = Release|x64
		{29A748EA-7964-44DA-B301-76AC9BE4E057}.Vista Debug|Win32.ActiveCfg = Debug|Win32
		{29A748EA-7964-44DA-B301-76AC9BE4E057}.Vista Debug|Win32.Build.0 = Debug|Win32
		{29A748EA-7964-44DA-B301-76AC9BE4E057}.Vista Debug|Win32.Deploy.0 = Debug|Win32
		{29A748EA-7964-44DA-B301-76AC9BE4E057}.Vista Debug|x64.ActiveCfg = Debug|x64
		{29A748EA-7964-44DA-B301-76AC9BE4E057}.Vista Debug|x64.Build.0 = Debug|x64
		{29A748EA-7964-44DA-B301-76AC9BE4E057}.Vista Debug|x64.Deploy.0 = Debug|x64
		{29A748EA-7964-44DA-B301-76AC9BE4E057}.Vista Release|Win32.ActiveCfg = Release|Win32
		{29A748EA-7964-44DA-B301-76AC9BE4E057}.Vista Release|Win32.Build.0 = Release|Win32
		{29A748EA-7964-44DA-B301-76AC9BE4E057}.Vista Release|Win32.Deploy.0 = Release|Win32
		{29A748EA-7964-44DA-B301-76AC9BE4E057}.Vista Release|x64.ActiveCfg = Release|x64
		{29A748EA-7964-44DA-B301-76AC9BE4E057}.Vista Release|x64.Build.0 = Release|x64
		{29A748EA-7964-44DA-B301-76AC9BE4E057}.Vista Release|x64.Deploy.0 = Release|x64
		{29A748EA-7964-44DA-B301-76AC9BE4E057}.Win7 Debug|Win32.ActiveCfg = Debug|Win32
		{29A748EA-7964-44DA-B301-76AC9BE4E057}.Win7 Debug|Win32.Build.0 = Debug|Win32
		{29A748EA-7964-44DA-B301-76AC9BE4E057}.Win7 Debug|Win32.Deploy.0 = Debug|Win32
		{29A748EA-7964-44DA-B301-76AC9BE4E057}.Win7 Debug|x64.ActiveCfg = Debug|x64
		{29A748EA-7964-44DA-B301-76AC9BE4E057}.Win7 Debug|x64.Build.0 = Debug|x64
		{29A748EA-7964-44DA-B301-76AC9BE4E057}.Win7 Debug|x64.Deploy.0 = Debug|x64
		{29A748EA-7964-44DA-B301-76AC9BE4E057}.Win7 Release|Win32.ActiveCfg = Release|Win32
		{29A748EA-7964-44DA-B301-76AC9BE4E057}.Win7 Release|Win32.Build.0 = Release|Win32
		{29A748EA-7964-44DA-B301-76AC9BE4E057}.Win7 Release|Win32.Deploy.0 = Release|Win32
		{29A748EA-7964-44DA-B301-76AC9BE4E057}.Win7 Release|x64.ActiveCfg = Release|x64
		{29A748EA-7964-44DA-B301-76AC9BE4E057}.Win7 Release|x64.Build.0 = Release|x64
		{29A748EA-7964-44DA-B301-76AC9BE4E057}.Win7 Release|x64.Deploy.0 = Release|x64
		{29A748EA-7964-44DA-B301-76AC9BE4E057}.Win8 Debug|Win32.ActiveCfg = Debug|Win32
		{29A748EA-7964-44DA-B301-76AC9BE4E057}.Win8 Debug|Win32.Build.0 = Debug|Win32
		{29A748EA-7964-44DA-B301-76AC9BE4E057}.Win8 Debug|Win32.Deploy.0 = Debug|Win32
		{29A748EA-7964-44DA-B301-76AC9BE4E057}.Win8 Debug|x64.ActiveCfg = Debug|x64
		{29A748EA-7964-44DA-B301-76AC9BE4E057}.Win8 Debug|x64.Build.0 = Debug|x64
		{29A748EA-7964-44DA-B301-76AC9BE4E057}.Win8 Debug|x64.Deploy.0 = Debug|x64
		{29A748EA-7964-44DA-B301-76AC9BE4E057}.Win8 Release|Win32.ActiveCfg = Release|Win32
		{29A748EA-7964-44DA-B301-76AC9BE4E057}.Win8 Release|Win32.Build.0 = Release|Win32
		{29A748EA-7964-44DA-B301-76AC9BE4E057}.Win8 Release|Win32.Deploy.0 = Release|Win32
		{29A748EA-7964-44DA-B301-76AC9BE4E057}.Win8 Release|x64.ActiveCfg = Release|x64
		{29A748EA-7964-44DA-B301-76AC9BE4E057}.Win8 Release|x64.Build.0 = Release|x64
		{29A748EA-7964-44DA-B301-76AC9BE4E057}.Win8 Release|x64.Deploy.0 = Release|x64
		{2EB95DE1-2637-4374-8068-0E80B93928CA}.CD_ROM|Win32.ActiveCfg = Release|Win32
		{2EB95DE1-2637-4374-8068-0E80B93928CA}.CD_ROM|Win32.Build.0 = Release|Win32
		{2EB95DE1-2637-4374-8068-0E80B93928CA}.CD_ROM|Win32.Deploy.0 = Release|Win32
		{2EB95DE1-2637-4374-8068-0E80B93928CA}.CD_ROM|x64.ActiveCfg = Release|x64
		{2EB95DE1-2637-4374-8068-0E80B93928CA}.CD_ROM|x64.Build.0 = Release|x64
		{2EB95DE1-2637-4374-8068-0E80B93928CA}.CD_ROM|x64.Deploy.0 = Release|x64
		{2EB95DE1-2637-4374-8068-0E80B93928CA}.Debug|Win32.ActiveCfg = Debug|Win32
		{2EB95DE1-2637-4374-8068-0E80B93928CA}.Debug|Win32.Build.0 = Debug|Win32
		{2EB95DE1-2637-4374-8068-0E80B93928CA}.Debug|x64.ActiveCfg = Debug|x64
		{2EB95DE1-2637-4374-8068-0E80B93928CA}.Debug|x64.Build.0 = Debug|x64
		{2EB95DE1-2637-4374-8068-0E80B93928CA}.DVD-5|Win32.ActiveCfg = Debug|Win32
		{2EB95DE1-2637-4374-8068-0E80B93928CA}.DVD-5|Win32.Build.0 = Debug|Win32
		{2EB95DE1-2637-4374-8068-0E80B93928CA}.DVD-5|Win32.Deploy.0 = Debug|Win32
		{2EB95DE1-2637-4374-8068-0E80B93928CA}.DVD-5|x64.ActiveCfg = Debug|x64
		{2EB95DE1-2637-4374-8068-0E80B93928CA}.DVD-5|x64.Build.0 = Debug|x64
		{2EB95DE1-2637-4374-8068-0E80B93928CA}.DVD-5|x64.Deploy.0 = Debug|x64
		{2EB95DE1-2637-4374-8068-0E80B93928CA}.Release|Win32.ActiveCfg = Release|Win32
		{2EB95DE1-2637-4374-8068-0E80B93928CA}.Release|Win32.Build.0 = Release|Win32
		{2EB95DE1-2637-4374-8068-0E80B93928CA}.Release|x64.ActiveCfg = Release|x64
		{2EB95DE1-2637-4374-8068-0E80B93928CA}.Release|x64.Build.0 = Release|x64
		{2EB95DE1-2637-4374-8068-0E80B93928CA}.SingleImage|Win32.ActiveCfg = Release|Win32
		{2EB95DE1-2637-4374-8068-0E80B93928CA}.SingleImage|Win32.Build.0 = Release|Win32
		{2EB95DE1-2637-4374-8068-0E80B93928CA}.SingleImage|Win32.Deploy.0 = Release|Win32
		{2EB95DE1-2637-4374-8068-0E80B93928CA}.SingleImage|x64.ActiveCfg = Release|x64
		{2EB95DE1-2637-4374-8068-0E80B93928CA}.SingleImage|x64.Build.0 = Release|x64
		{2EB95DE1-2637-4374-8068-0E80B93928CA}.SingleImage|x64.Deploy.0 = Release|x64
		{2EB95DE1-2637-4374-8068-0E80B93928CA}.Vista Debug|Win32.ActiveCfg = Debug|Win32
		{2EB95DE1-2637-4374-8068-0E80B93928CA}.Vista Debug|Win32.Build.0 = Debug|Win32
		{2EB95DE1-2637-4374-8068-0E80B93928CA}.Vista Debug|Win32.Deploy.0 = Debug|Win32
		{2EB95DE1-2637-4374-8068-0E80B93928CA}.Vista Debug|x64.ActiveCfg = Debug|x64
		{2EB95DE1-2637-4374-8068-0E80B93928CA}.Vista Debug|x64.Build.0 = Debug|x64
		{2EB95DE1-2637-4374-8068-0E80B93928CA}.Vista Debug|x64.Deploy.0 = Debug|x64
		{2EB95DE1-2637-4374-8068-0E80B93928CA}.Vista Release|Win32.ActiveCfg = Release|Win32
		{2EB95DE1-2637-4374-8068-0E80B93928CA}.Vista Release|Win32.Build.0 = Release|Win32
		{2EB95DE1-2637-4374-8068-0E80B93928CA}.Vista Release|Win32.Deploy.0 = Release|Win32
		{2EB95DE1-2637-4374-8068-0E80B93928CA}.Vista Release|x64.ActiveCfg = Release|x64
		{2EB95DE1-2637-4374-8068-0E80B93928CA}.Vista Release|x64.Build.0 = Release|x64
		{2EB95DE1-2637-4374-8068-0E80B93928CA}.Vista Release|x64.Deploy.0 = Release|x64
		{2EB95DE1-2637-4374-8068-0E80B93928CA}.Win7 Debug|Win32.ActiveCfg = Debug|Win32
		{2EB95DE1-2637-4374-8068-0E80B93928CA}.Win7 Debug|Win32.Build.0 = Debug|Win32
		{2EB95DE1-2637-4374-8068-0E80B93928CA}.Win7 Debug|Win32.Deploy.0 = Debug|Win32
		{2EB95DE1-2637-4374-8068-0E80B93928CA}.Win7 Debug|x64.ActiveCfg = Debug|x64
		{2EB95DE1-2637-4374-8068-0E80B93928CA}.Win7 Debug|x64.Build.0 = Debug|x64
		{2EB95DE1-2637-4374-8068-0E80B93928CA}.Win7 Debug|x64.Deploy.0 = Debug|x64
		{2EB95DE1-2637-4374-8068-0E80B93928CA}.Win7 Release|Win32.ActiveCfg = Release|Win32
		{2EB95DE1-2637-4374-8068-0E80B93928CA}.Win7 Release|Win32.Build.0 = Release|Win32
		{2EB95DE1-2637-4374-8068-0E80B93928CA}.Win7 Release|Win32.Deploy.0 = Release|Win32
		{2EB95DE1-2637-4374-8068-0E80B93928CA}.Win7 Release|x64.ActiveCfg = Release|x64
		{2EB95DE1-2637-4374-8068-0E80B93928CA}.Win7 Release|x64.Build.0 = Release|x64
		{2EB95DE1-2637-4374-8068-0E80B93928CA}.Win7 Release|x64.Deploy.0 = Release|x64
		{2EB95DE1-2637-4374-8068-0E80B93928CA}.Win8 Debug|Win32.ActiveCfg = Debug|Win32
		{2EB95DE1-2637-4374-8068-0E80B93928CA}.Win8 Debug|Win32.Build.0 = Debug|Win32
		{2EB95DE1-2637-4374-8068-0E80B93928CA}.Win8 Debug|Win32.Deploy.0 = Debug|Win32
		{2EB95DE1-2637-4374-8068-0E80B93928CA}.Win8 Debug|x64.ActiveCfg = Debug|x64
		{2EB95DE1-2637-4374-8068-0E80B93928CA}.Win8 Debug|x64.Build.0 = Debug|x64
		{2EB95DE1-2637-4374-8068-0E80B93928CA}.Win8 Debug|x64.Deploy.0 = Debug|x64
		{2EB95DE1-2637-4374-8068-0E80B93928CA}.Win8 Release|Win32.ActiveCfg = Release|Win32
		{2EB95DE1-2637-4374-8068-0E80B93928CA}.Win8 Release|Win32.Build.0 = Release|Win32
		{2EB95DE1-2637-4374-8068-0E80B93928CA}.Win8 Release|Win32.Deploy.0 = Release|Win32
		{2EB95DE1-2637-4374-8068-0E80B93928CA}.Win8 Release|x64.ActiveCfg = Release|x64
		{2EB95DE1-2637-4374-8068-0E80B93928CA}.Win8 Release|x64.Build.0 = Release|x64
		{2EB95DE1-2637-4374-8068-0E80B93928CA}.Win8 Release|x64.Deploy.0 = Release|x64
		{C44CCC37-CAAB-463B-BECE-7177EC6F7403}.CD_ROM|Win32.ActiveCfg = Release|Win32
		{C44CCC37-CAAB-463B-BECE-7177EC6F7403}.CD_ROM|Win32.Build.0 = Release|Win32
		{C44CCC37-CAAB-463B-BECE-7177EC6F7403}.CD_ROM|Win32.Deploy.0 = Release|Win32
		{C44CCC37-CAAB-463B-BECE-7177EC6F7403}.CD_ROM|x64.ActiveCfg = Release|x64
		{C44CCC37-CAAB-463B-BECE-7177EC6F7403}.CD_ROM|x64.Build.0 = Release|x64
		{C44CCC37-CAAB-463B-BECE-7177EC6F7403}.CD_ROM|x64.Deploy.0 = Release|x64
		{C44CCC37-CAAB-463B-BECE-7177EC6F7403}.Debug|Win32.ActiveCfg = Debug|Win32
		{C44CCC37-CAAB-463B-BECE-7177EC6F7403}.Debug|Win32.Build.0 = Debug|Win32
		{C44CCC37-CAAB-463B-BECE-7177EC6F7403}.Debug|x64.ActiveCfg = Debug|x64
		{C44CCC37-CAAB-463B-BECE-7177EC6F7403}.Debug|x64.Build.0 = Debug|x64
		{C44CCC37-CAAB-463B-BECE-7177EC6F7403}.DVD-5|Win32.ActiveCfg = Debug|Win32
		{C44CCC37-CAAB-463B-BECE-7177EC6F7403}.DVD-5|Win32.Build.0 = Debug|Win32
		{C44CCC37-CAAB-463B-BECE-7177EC6F7403}.DVD-5|Win32.Deploy.0 = Debug|Win32
		{C44CCC37-CAAB-463B-BECE-7177EC6F7403}.DVD-5|x64.ActiveCfg = Debug|x64
		{C44CCC37-CAAB-463B-BECE-7177EC6F7403}.DVD-5|x64.Build.0 = Debug|x64
		{C44CCC37-CAAB-463B-BECE-7177EC6F7403}.DVD-5|x64.Deploy.0 = Debug|x64
		{C44CCC37-CAAB-463B-BECE-7177EC6F7403}.Release|Win32.ActiveCfg = Release|Win32
		{C44CCC37-CAAB-463B-BECE-7177EC6F7403}.Release|Win32.Build.0 = Release|Win32
		{C44CCC37-CAAB-463B-BECE-7177EC6F7403}.Release|x64.ActiveCfg = Release|x64
		{C44CCC37-CAAB-463B-BECE-7177EC6F7403}.Release|x64.Build.0 = Release|x64
		{C44CCC37-CAAB-463B-BECE-7177EC6F7403}.SingleImage|Win32.ActiveCfg = Release|Win32
		{C44CCC37-CAAB-463B-BECE-7177EC6F7403}.SingleImage|Win32.Build.0 = Release|Win32
		{C44CCC37-CAAB-463B-BECE-7177EC6F7403}.SingleImage|Win32.Deploy.0 = Release|Win32
		{C44CCC37-CAAB-463B-BECE-7177EC6F7403}.SingleImage|x64.ActiveCfg = Release|x64
		{C44CCC37-CAAB-463B-BECE-7177EC6F7403}.SingleImage|x64.Build.0 = Release|x64
		{C44CCC37-CAAB-463B-BECE-7177EC6F7403}.SingleImage|x64.Deploy.0 = Release|x64
		{C44CCC37-CAAB-463B-BECE-7177EC6F7403}.Vista Debug|Win32.ActiveCfg = Debug|Win32
		{C44CCC37-CAAB-463B-BECE-7177EC6F7403}.Vista Debug|Win32.Build.0 = Debug|Win32
		{C44CCC37-CAAB-463B-BECE-7177EC6F7403}.Vista Debug|Win32.Deploy.0 = Debug|Win32
		{C44CCC37-CAAB-463B-BECE-7177EC6F7403}.Vista Debug|x64.ActiveCfg = Debug|x64
		{C44CCC37-CAAB-463B-BECE-7177EC6F7403}.Vista Debug|x64.Build.0 = Debug|x64
		{C44CCC37-CAAB-463B-BECE-7177EC6F7403}.Vista Debug|x64.Deploy.0 = Debug|x64
		{C44CCC37-CAAB-463B-BECE-7177EC6F7403}.Vista Release|Win32.ActiveCfg = Release|Win32
		{C44CCC37-CAAB-463B-BECE-7177EC6F7403}.Vista Release|Win32.Build.0 = Release|Win32
		{C44CCC37-CAAB-463B-BECE-7177EC6F7403}.Vista Release|Win32.Deploy.0 = Release|Win32
		{C44CCC37-CAAB-463B-BECE-7177EC6F7403}.Vista Release|x64.ActiveCfg = Release|x64
		{C44CCC37-CAAB-463B-BECE-7177EC6F7403}.Vista Release|x64.Build.0 = Release|x64
		{C44CCC37-CAAB-463B-BECE-7177EC6F7403}.Vista Release|x64.Deploy.0 = Release|x64
		{C44CCC37-CAAB-463B-BECE-7177EC6F7403}.Win7 Debug|Win32.ActiveCfg = Debug|Win32
		{C44CCC37-CAAB-463B-BECE-7177EC6F7403}.Win7 Debug|Win32.Build.0 = Debug|Win32
		{C44CCC37-CAAB-463B-BECE-7177EC6F7403}.Win7 Debug|Win32.Deploy.0 = Debug|Win32
		{C44CCC37-CAAB-463B-BECE-7177EC6F7403}.Win7 Debug|x64.ActiveCfg = Debug|x64
		{C44CCC37-CAAB-463B-BECE-7177EC6F7403}.Win7 Debug|x64.Build.0 = Debug|x64
		{C44CCC37-CAAB-463B-BECE-7177EC6F7403}.Win7 Debug|x64.Deploy.0 = Debug|x64
		{C44CCC37-CAAB-463B-BECE-7177EC6F7403}.Win7 Release|Win32.ActiveCfg = Release|Win32
		{C44CCC37-CAAB-463B-BECE-7177EC6F7403}.Win7 Release|Win32.Build.0 = Release|Win32
		{C44CCC37-CAAB-463B-BECE-7177EC6F7403}.Win7 Release|Win32.Deploy.0 = Release|Win32
		{C44CCC37-CAAB-463B-BECE-7177EC6F7403}.Win7 Release|x64.ActiveCfg = Release|x64
		{C44CCC37-CAAB-463B-BECE-7177EC6F7403}.Win7 Release|x64.Build.0 = Release|x64
		{C44CCC37-CAAB-463B-BECE-7177EC6F7403}.Win7 Release|x64.Deploy.0 = Release|x64
		{C44CCC37-CAAB-463B-BECE-7177EC6F7403}.Win8 Debug|Win32.ActiveCfg = Debug|Win32
		{C44CCC37-CAAB-463B-BECE-7177EC6F7403}.Win8 Debug|Win32.Build.0 = Debug|Win32
		{C44CCC37-CAAB-463B-BECE-7177EC6F7403}.Win8 Debug|Win32.Deploy.0 = Debug|Win32
		{C44CCC37-CAAB-463B-BECE-7177EC6F7403}.Win8 Debug|x64.ActiveCfg = Debug|x64
		{C44CCC37-CAAB-463B-BECE-7177EC6F7403}.Win8 Debug|x64.Build.0 = Debug|x64
		{C44CCC37-CAAB-463B-BECE-7177EC6F7403}.Win8 Debug|x64.Deploy.0 = Debug|x64
		{C44CCC37-CAAB-463B-BECE-7177EC6F7403}.Win8 Release|Win32.ActiveCfg = Release|Win32
		{C44CCC37-CAAB-463B-BECE-7177EC6F7403}.Win8 Release|Win32.Build.0 = Release|Win32
		{C44CCC37-CAAB-463B-BECE-7177EC6F7403}.Win8 Release|Win32.Deploy.0 = Release|Win32
		{C44CCC37-CAAB-463B-BECE-7177EC6F7403}.Win8 Release|x64.ActiveCfg = Release|x64
		{C44CCC37-CAAB-463B-BECE-7177EC6F7403}.Win8 Release|x64.Build.0 = Release|x64
		{C44CCC37-CAAB-463B-BECE-7177EC6F7403}.Win8 Release|x64.Deploy.0 = Release|x64
		{75158071-1EAB-407E-9C7C-DDC8D2A91407}.CD_ROM|Win32.ActiveCfg = Release|Win32
		{75158071-1EAB-407E-9C7C-DDC8D2A91407}.CD_ROM|Win32.Build.0 = Release|Win32
		{75158071-1EAB-407E-9C7C-DDC8D2A91407}.CD_ROM|Win32.Deploy.0 = Release|Win32
		{75158071-1EAB-407E-9C7C-DDC8D2A91407}.CD_ROM|x64.ActiveCfg = Release|x64
		{75158071-1EAB-407E-9C7C-DDC8D2A91407}.CD_ROM|x64.Build.0 = Release|x64
		{75158071-1EAB-407E-9C7C-DDC8D2A91407}.CD_ROM|x64.Deploy.0 = Release|x64
		{75158071-1EAB-407E-9C7C-DDC8D2A91407}.Debug|Win32.ActiveCfg = Debug|Win32
		{75158071-1EAB-407E-9C7C-DDC8D2A91407}.Debug|Win32.Build.0 = Debug|Win32
		{75158071-1EAB-407E-9C7C-DDC8D2A91407}.Debug|x64.ActiveCfg = Debug|x64
		{75158071-1EAB-407E-9C7C-DDC8D2A91407}.Debug|x64.Build.0 = Debug|x64
		{75158071-1EAB-407E-9C7C-DDC8D2A91407}.DVD-5|Win32.ActiveCfg = Debug|Win32
		{75158071-1EAB-407E-9C7C-DDC8D2A91407}.DVD-5|Win32.Build.0 = Debug|Win32
		{75158071-1EAB-407E-9C7C-DDC8D2A91407}.DVD-5|Win32.Deploy.0 = Debug|Win32
		{75158071-1EAB-407E-9C7C-DDC8D2A91407}.DVD-5|x64.ActiveCfg = Debug|x64
		{75158071-1EAB-407E-9C7C-DDC8D2A91407}.DVD-5|x64.Build.0 = Debug|x64
		{75158071-1EAB-407E-9C7C-DDC8D2A91407}.DVD-5|x64.Deploy.0 = Debug|x64
		{75158071-1EAB-407E-9C7C-DDC8D2A91407}.Release|Win32.ActiveCfg = Release|Win32
		{75158071-1EAB-407E-9C7C-DDC8D2A91407}.Release|Win32.Build.0 = Release|Win32
		{75158071-1EAB-407E-9C7C-DDC8D2A91407}.Release|x64.ActiveCfg = Release|x64
		{75158071-1EAB-407E-9C7C-DDC8D2A91407}.Release|x64.Build.0 = Release|x64
		{75158071-1EAB-407E-9C7C-DDC8D2A91407}.SingleImage|Win32.ActiveCfg = Release|Win32
		{75158071-1EAB-407E-9C7C-DDC8D2A91407}.SingleImage|Win32.Build.0 = Release|Win32
		{75158071-1EAB-407E-9C7C-DDC8D2A91407}.SingleImage|Win32.Deploy.0 = Release|Win32
		{75158071-1EAB-407E-9C7C-DDC8D2A91407}.SingleImage|x64.ActiveCfg = Release|x64
		{75158071-1EAB-407E-9C7C-DDC8D2A91407}.SingleImage|x64.Build.0 = Release|x64
		{75158071-1EAB-407E-9C7C-DDC8D2A91407}.SingleImage|x64.Deploy.0 = Release|x64
		{75158071-1EAB-407E-9C7C-DDC8D2A91407}.Vista Debug|Win32.ActiveCfg = Debug|Win32
		{75158071-1EAB-407E-9C7C-DDC8D2A91407}.Vista Debug|Win32.Build.0 = Debug|Win32
		{75158071-1EAB-407E-9C7C-DDC8D2A91407}.Vista Debug|Win32.Deploy.0 = Debug|Win32
		{75158071-1EAB-407E-9C7C-DDC8D2A91407}.Vista Debug|x64.ActiveCfg = Debug|x64
		{75158071-1EAB-407E-9C7C-DDC8D2A91407}.Vista Debug|x64.Build.0 = Debug|x64
		{75158071-1EAB-407E-9C7C-DDC8D2A91407}.Vista Debug|x64.Deploy.0 = Debug|x64
		{75158071-1EAB-407E-9C7C-DDC8D2A91407}.Vista Release|Win32.ActiveCfg = Release|Win32
		{75158071-1EAB-407E-9C7C-DDC8D2A91407}.Vista Release|Win32.Build.0 = Release|Win32
		{75158071-1EAB-407E-9C7C-DDC8D2A91407}.Vista Release|Win32.Deploy.0 = Release|Win32
		{75158071-1EAB-407E-9C7C-DDC8D2A91407}.Vista Release|x64.ActiveCfg = Release|x64
		{75158071-1EAB-407E-9C7C-DDC8D2A91407}.Vista Release|x64.Build.0 = Release|x64
		{75158071-1EAB-407E-9C7C-DDC8D2A91407}.Vista Release|x64.Deploy.0 = Release|x64
		{75158071-1EAB-407E-9C7C-DDC8D2A91407}.Win7 Debug|Win32.ActiveCfg = Debug|Win32
		{75158071-1EAB-407E-9C7C-DDC8D2A91407}.Win7 Debug|Win32.Build.0 = Debug|Win32
		{75158071-1EAB-407E-9C7C-DDC8D2A91407}.Win7 Debug|Win32.Deploy.0 = Debug|Win32
		{75158071-1EAB-407E-9C7C-DDC8D2A91407}.Win7 Debug|x64.ActiveCfg = Debug|x64
		{75158071-1EAB-407E-9C7C-DDC8D2A91407}.Win7 Debug|x64.Build.0 = Debug|x64
		{75158071-1EAB-407E-9C7C-DDC8D2A91407}.Win7 Debug|x64.Deploy.0 = Debug|x64
		{75158071-1EAB-407E-9C7C-DDC8D2A91407}.Win7 Release|Win32.ActiveCfg = Release|Win32
		{75158071-1EAB-407E-9C7C-DDC8D2A91407}.Win7 Release|Win32.Build.0 = Release|Win32
		{75158071-1EAB-407E-9C7C-DDC8D2A91407}.Win7 Release|Win32.Deploy.0 = Release|Win32
		{75158071-1EAB-407E-9C7C-DDC8D2A91407}.Win7 Release|x64.ActiveCfg = Release|x64
		{75158071-1EAB-407E-9C7C-DDC8D2A91407}.Win7 Release|x64.Build.0 = Release|x64
		{75158071-1EAB-407E-9C7C-DDC8D2A91407}.Win7 Release|x64.Deploy.0 = Release|x64
		{75158071-1EAB-407E-9C7C-DDC8D2A91407}.Win8 Debug|Win32.ActiveCfg = Debug|Win32
		{75158071-1EAB-407E-9C7C-DDC8D2A91407}.Win8 Debug|Win32.Build.0 = Debug|Win32
		{75158071-1EAB-407E-9C7C-DDC8D2A91407}.Win8 Debug|Win32.Deploy.0 = Debug|Win32
		{75158071-1EAB-407E-9C7C-DDC8D2A91407}.Win8 Debug|x64.ActiveCfg = Debug|x64
		{75158071-1EAB-407E-9C7C-DDC8D2A91407}.Win8 Debug|x64.Build.0 = Debug|x64
		{75158071-1EAB-407E-9C7C-DDC8D2A91407}.Win8 Debug|x64.Deploy.0 = Debug|x64
		{75158071-1EAB-407E-9C7C-DDC8D2A91407}.Win8 Release|Win32.ActiveCfg = Release|Win32
		{75158071-1EAB-407E-9C7C-DDC8D2A91407}.Win8 Release|Win32.Build.0 = Release|Win32
		{75158071-1EAB-407E-9C7C-DDC8D2A91407}.Win8 Release|Win32.Deploy.0 = Release|Win32
		{75158071-1EAB-407E-9C7C-DDC8D2A91407}.Win8 Release|x64.ActiveCfg = Release|x64
		{75158071-1EAB-407E-9C7C-DDC8D2A91407}.Win8 Release|x64.Build.0 = Release|x64
		{75158071-1EAB-407E-9C7C-DDC8D2A91407}.Win8 Release|x64.Deploy.0 = Release|x64
		{F07C9FD8-6E46-4C34-99F2-F998597AA778}.CD_ROM|Win32.ActiveCfg = Release|Win32
		{F07C9FD8-6E46-4C34-99F2-F998597AA778}.CD_ROM|Win32.Build.0 = Release|Win32
		{F07C9FD8-6E46-4C34-99F2-F998597AA778}.CD_ROM|Win32.Deploy.0 = Release|Win32
		{F07C9FD8-6E46-4C34-99F2-F998597AA778}.CD_ROM|x64.ActiveCfg = Release|x64
		{F07C9FD8-6E46-4C34-99F2-F998597AA778}.CD_ROM|x64.Build.0 = Release|x64
		{F07C9FD8-6E46-4C34-99F2-F998597AA778}.CD_ROM|x64.Deploy.0 = Release|x64
		{F07C9FD8-6E46-4C34-99F2-F998597AA778}.Debug|Win32.ActiveCfg = Debug|Win32
		{F07C9FD8-6E46-4C34-99F2-F998597AA778}.Debug|Win32.Build.0 = Debug|Win32
		{F07C9FD8-6E46-4C34-99F2-F998597AA778}.Debug|x64.ActiveCfg = Debug|x64
		{F07C9FD8-6E46-4C34-99F2-F998597AA778}.Debug|x64.Build.0 = Debug|x64
		{F07C9FD8-6E46-4C34-99F2-F998597AA778}.DVD-5|Win32.ActiveCfg = Debug|Win32
		{F07C9FD8-6E46-4C34-99F2-F998597AA778}.DVD-5|Win32.Build.0 = Debug|Win32
		{F07C9FD8-6E46-4C34-99F2-F998597AA778}.DVD-5|Win32.Deploy.0 = Debug|Win32
		{F07C9FD8-6E46-4C34-99F2-F998597AA778}.DVD-5|x64.ActiveCfg = Debug|x64
		{F07C9FD8-6E46-4C34-99F2-F998597AA778}.DVD-5|x64.Build.0 = Debug|x64
		{F07C9FD8-6E46-4C34-99F2-F998597AA778}.DVD-5|x64.Deploy.0 = Debug|x64
		{F07C9FD8-6E46-4C34-99F2-F998597AA778}.Release|Win32.ActiveCfg = Release|Win32
		{F07C9FD8-6E46-4C34-99F2-F998597AA778}.Release|Win32.Build.0 = Release|Win32
		{F07C9FD8-6E46-4C34-99F2-F998597AA778}.Release|x64.ActiveCfg = Release|x64
		{F07C9FD8-6E46-4C34-99F2-F998597AA778}.Release|x64.Build.0 = Release|x64
		{F07C9FD8-6E46-4C34-99F2-F998597AA778}.SingleImage|Win32.ActiveCfg = Release|Win32
		{F07C9FD8-6E46-4C34-99F2-F998597AA778}.SingleImage|Win32.Build.0 = Release|Win32
		{F07C9FD8-6E46-4C34-99F2-F998597AA778}.SingleImage|Win32.Deploy.0 = Release|Win32
		{F07C9FD8-6E46-4C34-99F2-F998597AA778}.SingleImage|x64.ActiveCfg = Release|x64
		{F07C9FD8-6E46-4C34-99F2-F998597AA778}.SingleImage|x64.Build.0 = Release|x64
		{F07C9FD8-6E46-4C34-99F2-F998597AA778}.SingleImage|x64.Deploy.0 = Release|x64
		{F07C9FD8-6E46-4C34-99F2-F998597AA778}.Vista Debug|Win32.ActiveCfg = Debug|Win32
		{F07C9FD8-6E46-4C34-99F2-F998597AA778}.Vista Debug|Win32.Build.0 = Debug|Win32
		{F07C9FD8-6E46-4C34-99F2-F998597AA778}.Vista Debug|Win32.Deploy.0 = Debug|Win32
		{F07C9FD8-6E46-4C34-99F2-F998597AA778}.Vista Debug|x64.ActiveCfg = Debug|x64
		{F07C9FD8-6E46-4C34-99F2-F998597AA778}.Vista Debug|x64.Build.0 = Debug|x64
		{F07C9FD8-6E46-4C34-99F2-F998597AA778}.Vista Debug|x64.Deploy.0 = Debug|x64
		{F07C9FD8-6E46-4C34-99F2-F998597AA778}.Vista Release|Win32.ActiveCfg = Release|Win32
		{F07C9FD8-6E46-4C34-99F2-F998597AA778}.Vista Release|Win32.Build.0 = Release|Win32
		{F07C9FD8-6E46-4C34-99F2-F998597AA778}.Vista Release|Win32.Deploy.0 = Release|Win32
		{F07C9FD8-6E46-4C34-99F2-F998597AA778}.Vista Release|x64.ActiveCfg = Release|x64
		{F07C9FD8-6E46-4C34-99F2-F998597AA778}.Vista Release|x64.Build.0 = Release|x64
		{F07C9FD8-6E46-4C34-99F2-F998597AA778}.Vista Release|x64.Deploy.0 = Release|x64
		{F07C9FD8-6E46-4C34-99F2-F998597AA778}.Win7 Debug|Win32.ActiveCfg = Debug|Win32
		{F07C9FD8-6E46-4C34-99F2-F998597AA778}.Win7 Debug|Win32.Build.0 = Debug|Win32
		{F07C9FD8-6E46-4C34-99F2-F998597AA778}.Win7 Debug|Win32.Deploy.0 = Debug|Win32
		{F07C9FD8-6E46-4C34-99F2-F998597AA778}.Win7 Debug|x64.ActiveCfg = Debug|x64
		{F07C9FD8-6E46-4C34-99F2-F998597AA778}.Win7 Debug|x64.Build.0 = Debug|x64
		{F07C9FD8-6E46-4C34-99F2-F998597AA778}.Win7 Debug|x64.Deploy.0 = Debug|x64
		{F07C9FD8-6E46-4C34-99F2-F998597AA778}.Win7 Release|Win32.ActiveCfg = Release|Win32
		{F07C9FD8-6E46-4C34-99F2-F998597AA778}.Win7 Release|Win32.Build.0 = Release|Win32
		{F07C9FD8-6E46-4C34-99F2-F998597AA778}.Win7 Release|Win32.Deploy.0 = Release|Win32
		{F07C9FD8-6E46-4C34-99F2-F998597AA778}.Win7 Release|x64.ActiveCfg = Release|x64
		{F07C9FD8-6E46-4C34-99F2-F998597AA778}.Win7 Release|x64.Build.0 = Release|x64
		{F07C9FD8-6E46-4C34-99F2-F998597AA778}.Win7 Release|x64.Deploy.0 = Release|x64
		{F07C9FD8-6E46-4C34-99F2-F998597AA778}.Win8 Debug|Win32.ActiveCfg = Debug|Win32
		{F07C9FD8-6E46-4C34-99F2-F998597AA778}.Win8 Debug|Win32.Build.0 = Debug|Win32
		{F07C9FD8-6E46-4C34-99F2-F998597AA778}.Win8 Debug|Win32.Deploy.0 = Debug|Win32
		{F07C9FD8-6E46-4C34-99F2-F998597AA778}.Win8 Debug|x64.ActiveCfg = Debug|x64
		{F07C9FD8-6E46-4C34-99F2-F998597AA778}.Win8 Debug|x64.Build.0 = Debug|x64
		{F07C9FD8-6E46-4C34-99F2-F998597AA778}.Win8 Debug|x64.Deploy.0 = Debug|x64
		{F07C9FD8-6E46-4C34-99F2-F998597AA778}.Win8 Release|Win32.ActiveCfg = Release|Win32
		{F07C9FD8-6E46-4C34-99F2-F998597AA778}.Win8 Release|Win32.Build.0 = Release|Win32
		{F07C9FD8-6E46-4C34-99F2-F998597AA778}.Win8 Release|Win32.Deploy.0 = Release|Win32
		{F07C9FD8-6E46-4C34-99F2-F998597AA778}.Win8 Release|x64.ActiveCfg = Release|x64
		{F07C9FD8-6E46-4C34-99F2-F998597AA778}.Win8 Release|x64.Build.0 = Release|x64
		{F07C9FD8-6E46-4C34-99F2-F998597AA778}.Win8 Release|x64.Deploy.0 = Release|x64
		{7635A628-49C1-4DFC-AFE1-877EE5DD8C08}.CD_ROM|Win32.ActiveCfg = Release|Win32
		{7635A628-49C1-4DFC-AFE1-877EE5DD8C08}.CD_ROM|Win32.Build.0 = Release|Win32
		{7635A628-49C1-4DFC-AFE1-877EE5DD8C08}.CD_ROM|Win32.Deploy.0 = Release|Win32
		{7635A628-49C1-4DFC-AFE1-877EE5DD8C08}.CD_ROM|x64.ActiveCfg = Release|Win32
		{7635A628-49C1-4DFC-AFE1-877EE5DD8C08}.Debug|Win32.ActiveCfg = Debug|Win32
		{7635A628-49C1-4DFC-AFE1-877EE5DD8C08}.Debug|Win32.Build.0 = Debug|Win32
		{7635A628-49C1-4DFC-AFE1-877EE5DD8C08}.Debug|x64.ActiveCfg = Debug|Win32
		{7635A628-49C1-4DFC-AFE1-877EE5DD8C08}.Debug|x64.Build.0 = Debug|Win32
		{7635A628-49C1-4DFC-AFE1-877EE5DD8C08}.DVD-5|Win32.ActiveCfg = Debug|Win32
		{7635A628-49C1-4DFC-AFE1-877EE5DD8C08}.DVD-5|Win32.Build.0 = Debug|Win32
		{7635A628-49C1-4DFC-AFE1-877EE5DD8C08}.DVD-5|Win32.Deploy.0 = Debug|Win32
		{7635A628-49C1-4DFC-AFE1-877EE5DD8C08}.DVD-5|x64.ActiveCfg = Debug|Win32
		{7635A628-49C1-4DFC-AFE1-877EE5DD8C08}.Release|Win32.ActiveCfg = Release|Win32
		{7635A628-49C1-4DFC-AFE1-877EE5DD8C08}.Release|Win32.Build.0 = Release|Win32
		{7635A628-49C1-4DFC-AFE1-877EE5DD8C08}.Release|x64.ActiveCfg = Release|Win32
		{7635A628-49C1-4DFC-AFE1-877EE5DD8C08}.SingleImage|Win32.ActiveCfg = Release|Win32
		{7635A628-49C1-4DFC-AFE1-877EE5DD8C08}.SingleImage|Win32.Build.0 = Release|Win32
		{7635A628-49C1-4DFC-AFE1-877EE5DD8C08}.SingleImage|Win32.Deploy.0 = Release|Win32
		{7635A628-49C1-4DFC-AFE1-877EE5DD8C08}.SingleImage|x64.ActiveCfg = Release|Win32
		{7635A628-49C1-4DFC-AFE1-877EE5DD8C08}.Vista Debug|Win32.ActiveCfg = Debug|Win32
		{7635A628-49C1-4DFC-AFE1-877EE5DD8C08}.Vista Debug|Win32.Build.0 = Debug|Win32
		{7635A628-49C1-4DFC-AFE1-877EE5DD8C08}.Vista Debug|Win32.Deploy.0 = Debug|Win32
		{7635A628-49C1-4DFC-AFE1-877EE5DD8C08}.Vista Debug|x64.ActiveCfg = Debug|Win32
		{7635A628-49C1-4DFC-AFE1-877EE5DD8C08}.Vista Release|Win32.ActiveCfg = Release|Win32
		{7635A628-49C1-4DFC-AFE1-877EE5DD8C08}.Vista Release|Win32.Build.0 = Release|Win32
		{7635A628-49C1-4DFC-AFE1-877EE5DD8C08}.Vista Release|Win32.Deploy.0 = Release|Win32
		{7635A628-49C1-4DFC-AFE1-877EE5DD8C08}.Vista Release|x64.ActiveCfg = Release|Win32
		{7635A628-49C1-4DFC-AFE1-877EE5DD8C08}.Win7 Debug|Win32.ActiveCfg = Debug|Win32
		{7635A628-49C1-4DFC-AFE1-877EE5DD8C08}.Win7 Debug|Win32.Build.0 = Debug|Win32
		{7635A628-49C1-4DFC-AFE1-877EE5DD8C08}.Win7 Debug|Win32.Deploy.0 = Debug|Win32
		{7635A628-49C1-4DFC-AFE1-877EE5DD8C08}.Win7 Debug|x64.ActiveCfg = Debug|Win32
		{7635A628-49C1-4DFC-AFE1-877EE5DD8C08}.Win7 Release|Win32.ActiveCfg = Release|Win32
		{7635A628-49C1-4DFC-AFE1-877EE5DD8C08}.Win7 Release|Win32.Build.0 = Release|Win32
		{7635A628-49C1-4DFC-AFE1-877EE5DD8C08}.Win7 Release|Win32.Deploy.0 = Release|Win32
		{7635A628-49C1-4DFC-AFE1-877EE5DD8C08}.Win7 Release|x64.ActiveCfg = Release|Win32
		{7635A628-49C1-4DFC-AFE1-877EE5DD8C08}.Win8 Debug|Win32.ActiveCfg = Debug|Win32
		{7635A628-49C1-4DFC-AFE1-877EE5DD8C08}.Win8 Debug|Win32.Build.0 = Debug|Win32
		{7635A628-49C1-4DFC-AFE1-877EE5DD8C08}.Win8 Debug|Win32.Deploy.0 = Debug|Win32
		{7635A628-49C1-4DFC-AFE1-877EE5DD8C08}.Win8 Debug|x64.ActiveCfg = Debug|Win32
		{7635A628-49C1-4DFC-AFE1-877EE5DD8C08}.Win8 Release|Win32.ActiveCfg = Release|Win32
		{7635A628-49C1-4DFC-AFE1-877EE5DD8C08}.Win8 Release|Win32.Build.0 = Release|Win32
		{7635A628-49C1-4DFC-AFE1-877EE5DD8C08}.Win8 Release|Win32.Deploy.0 = Release|Win32
		{7635A628-49C1-4DFC-AFE1-877EE5DD8C08}.Win8 Release|x64.ActiveCfg = Release|Win32
		{ECFD3BC1-5E94-49A0-952B-0D1A987272B1}.CD_ROM|Win32.ActiveCfg = Release|x64
		{ECFD3BC1-5E94-49A0-952B-0D1A987272B1}.CD_ROM|x64.ActiveCfg = Release|x64
		{ECFD3BC1-5E94-49A0-952B-0D1A987272B1}.CD_ROM|x64.Build.0 = Release|x64
		{ECFD3BC1-5E94-49A0-952B-0D1A987272B1}.CD_ROM|x64.Deploy.0 = Release|x64
		{ECFD3BC1-5E94-49A0-952B-0D1A987272B1}.Debug|Win32.ActiveCfg = Debug|x64
		{ECFD3BC1-5E94-49A0-952B-0D1A987272B1}.Debug|x64.ActiveCfg = Debug|x64
		{ECFD3BC1-5E94-49A0-952B-0D1A987272B1}.Debug|x64.Build.0 = Debug|x64
		{ECFD3BC1-5E94-49A0-952B-0D1A987272B1}.DVD-5|Win32.ActiveCfg = Debug|x64
		{ECFD3BC1-5E94-49A0-952B-0D1A987272B1}.DVD-5|x64.ActiveCfg = Debug|x64
		{ECFD3BC1-5E94-49A0-952B-0D1A987272B1}.DVD-5|x64.Build.0 = Debug|x64
		{ECFD3BC1-5E94-49A0-952B-0D1A987272B1}.DVD-5|x64.Deploy.0 = Debug|x64
		{ECFD3BC1-5E94-49A0-952B-0D1A987272B1}.Release|Win32.ActiveCfg = Release|x64
		{ECFD3BC1-5E94-49A0-952B-0D1A987272B1}.Release|x64.ActiveCfg = Release|x64
		{ECFD3BC1-5E94-49A0-952B-0D1A987272B1}.Release|x64.Build.0 = Release|x64
		{ECFD3BC1-5E94-49A0-952B-0D1A987272B1}.SingleImage|Win32.ActiveCfg = Release|x64
		{ECFD3BC1-5E94-49A0-952B-0D1A987272B1}.SingleImage|x64.ActiveCfg = Release|x64
		{ECFD3BC1-5E94-49A0-952B-0D1A987272B1}.SingleImage|x64.Build.0 = Release|x64
		{ECFD3BC1-5E94-49A0-952B-0D1A987272B1}.SingleImage|x64.Deploy.0 = Release|x64
		{ECFD3BC1-5E94-49A0-952B-0D1A987272B1}.Vista Debug|Win32.ActiveCfg = Debug|x64
		{ECFD3BC1-5E94-49A0-952B-0D1A987272B1}.Vista Debug|x64.ActiveCfg = Debug|x64
		{ECFD3BC1-5E94-49A0-952B-0D1A987272B1}.Vista Debug|x64.Build.0 = Debug|x64
		{ECFD3BC1-5E94-49A0-952B-0D1A987272B1}.Vista Debug|x64.Deploy.0 = Debug|x64
		{ECFD3BC1-5E94-49A0-952B-0D1A987272B1}.Vista Release|Win32.ActiveCfg = Release|x64
		{ECFD3BC1-5E94-49A0-952B-0D1A987272B1}.Vista Release|x64.ActiveCfg = Release|x64
		{ECFD3BC1-5E94-49A0-952B-0D1A987272B1}.Vista Release|x64.Build.0 = Release|x64
		{ECFD3BC1-5E94-49A0-952B-0D1A987272B1}.Vista Release|x64.Deploy.0 = Release|x64
		{ECFD3BC1-5E94-49A0-952B-0D1A987272B1}.Win7 Debug|Win32.ActiveCfg = Debug|x64
		{ECFD3BC1-5E94-49A0-952B-0D1A987272B1}.Win7 Debug|x64.ActiveCfg = Debug|x64
		{ECFD3BC1-5E94-49A0-952B-0D1A987272B1}.Win7 Debug|x64.Build.0 = Debug|x64
		{ECFD3BC1-5E94-49A0-952B-0D1A987272B1}.Win7 Debug|x64.Deploy.0 = Debug|x64
		{ECFD3BC1-5E94-49A0-952B-0D1A987272B1}.Win7 Release|Win32.ActiveCfg = Release|x64
		{ECFD3BC1-5E94-49A0-952B-0D1A987272B1}.Win7 Release|x64.ActiveCfg = Release|x64
		{ECFD3BC1-5E94-49A0-952B-0D1A987272B1}.Win7 Release|x64.Build.0 = Release|x64
		{ECFD3BC1-5E94-49A0-952B-0D1A987272B1}.Win7 Release|x64.Deploy.0 = Release|x64
		{ECFD3BC1-5E94-49A0-952B-0D1A987272B1}.Win8 Debug|Win32.ActiveCfg = Debug|x64
		{ECFD3BC1-5E94-49A0-952B-0D1A987272B1}.Win8 Debug|x64.ActiveCfg = Debug|x64
		{ECFD3BC1-5E94-49A0-952B-0D1A987272B1}.Win8 Debug|x64.Build.0 = Debug|x64
		{ECFD3BC1-5E94-49A0-952B-0D1A987272B1}.Win8 Debug|x64.Deploy.0 = Debug|x64
		{ECFD3BC1-5E94-49A0-952B-0D1A987272B1}.Win8 Release|Win32.ActiveCfg = Release|x64
		{ECFD3BC1-5E94-49A0-952B-0D1A987272B1}.Win8 Release|x64.ActiveCfg = Release|x64
		{ECFD3BC1-5E94-49A0-952B-0D1A987272B1}.Win8 Release|x64.Build.0 = Release|x64
		{ECFD3BC1-5E94-49A0-952B-0D1A987272B1}.Win8 Release|x64.Deploy.0 = Release|x64
		{1F43F17B-D311-4CDE-BABA-2D5988EC43E0}.CD_ROM|Win32.ActiveCfg = Release|Win32
		{1F43F17B-D311-4CDE-BABA-2D5988EC43E0}.CD_ROM|Win32.Build.0 = Release|Win32
		{1F43F17B-D311-4CDE-BABA-2D5988EC43E0}.CD_ROM|Win32.Deploy.0 = Release|Win32
		{1F43F17B-D311-4CDE-BABA-2D5988EC43E0}.CD_ROM|x64.ActiveCfg = Release|x64
		{1F43F17B-D311-4CDE-BABA-2D5988EC43E0}.CD_ROM|x64.Build.0 = Release|x64
		{1F43F17B-D311-4CDE-BABA-2D5988EC43E0}.CD_ROM|x64.Deploy.0 = Release|x64
		{1F43F17B-D311-4CDE-BABA-2D5988EC43E0}.Debug|Win32.ActiveCfg = Debug|Win32
		{1F43F17B-D311-4CDE-BABA-2D5988EC43E0}.Debug|Win32.Build.0 = Debug|Win32
		{1F43F17B-D311-4CDE-BABA-2D5988EC43E0}.Debug|x64.ActiveCfg = Debug|x64
		{1F43F17B-D311-4CDE-BABA-2D5988EC43E0}.Debug|x64.Build.0 = Debug|x64
		{1F43F17B-D311-4CDE-BABA-2D5988EC43E0}.DVD-5|Win32.ActiveCfg = Debug|Win32
		{1F43F17B-D311-4CDE-BABA-2D5988EC43E0}.DVD-5|Win32.Build.0 = Debug|Win32
		{1F43F17B-D311-4CDE-BABA-2D5988EC43E0}.DVD-5|Win32.Deploy.0 = Debug|Win32
		{1F43F17B-D311-4CDE-BABA-2D5988EC43E0}.DVD-5|x64.ActiveCfg = Debug|x64
		{1F43F17B-D311-4CDE-BABA-2D5988EC43E0}.DVD-5|x64.Build.0 = Debug|x64
		{1F43F17B-D311-4CDE-BABA-2D5988EC43E0}.DVD-5|x64.Deploy.0 = Debug|x64
		{1F43F17B-D311-4CDE-BABA-2D5988EC43E0}.Release|Win32.ActiveCfg = Release|Win32
		{1F43F17B-D311-4CDE-BABA-2D5988EC43E0}.Release|Win32.Build.0 = Release|Win32
		{1F43F17B-D311-4CDE-BABA-2D5988EC43E0}.Release|x64.ActiveCfg = Release|x64
		{1F43F17B-D311-4CDE-BABA-2D5988EC43E0}.Release|x64.Build.0 = Release|x64
		{1F43F17B-D311-4CDE-BABA-2D5988EC43E0}.SingleImage|Win32.ActiveCfg = Release|Win32
		{1F43F17B-D311-4CDE-BABA-2D5988EC43E0}.SingleImage|Win32.Build.0 = Release|Win32
		{1F43F17B-D311-4CDE-BABA-2D5988EC43E0}.SingleImage|Win32.Deploy.0 = Release|Win32
		{1F43F17B-D311-4CDE-BABA-2D5988EC43E0}.SingleImage|x64.ActiveCfg = Release|x64
		{1F43F17B-D311-4CDE-BABA-2D5988EC43E0}.SingleImage|x64.Build.0 = Release|x64
		{1F43F17B-D311-4CDE-BABA-2D5988EC43E0}.SingleImage|x64.Deploy.0 = Release|x64
		{1F43F17B-D311-4CDE-BABA-2D5988EC43E0}.Vista Debug|Win32.ActiveCfg = Debug|Win32
		{1F43F17B-D311-4CDE-BABA-2D5988EC43E0}.Vista Debug|Win32.Build.0 = Debug|Win32
		{1F43F17B-D311-4CDE-BABA-2D5988EC43E0}.Vista Debug|Win32.Deploy.0 = Debug|Win32
		{1F43F17B-D311-4CDE-BABA-2D5988EC43E0}.Vista Debug|x64.ActiveCfg = Debug|x64
		{1F43F17B-D311-4CDE-BABA-2D5988EC43E0}.Vista Debug|x64.Build.0 = Debug|x64
		{1F43F17B-D311-4CDE-BABA-2D5988EC43E0}.Vista Debug|x64.Deploy.0 = Debug|x64
		{1F43F17B-D311-4CDE-BABA-2D5988EC43E0}.Vista Release|Win32.ActiveCfg = Release|Win32
		{1F43F17B-D311-4CDE-BABA-2D5988EC43E0}.Vista Release|Win32.Build.0 = Release|Win32
		{1F43F17B-D311-4CDE-BABA-2D5988EC43E0}.Vista Release|Win32.Deploy.0 = Release|Win32
		{1F43F17B-D311-4CDE-BABA-2D5988EC43E0}.Vista Release|x64.ActiveCfg = Release|x64
		{1F43F17B-D311-4CDE-BABA-2D5988EC43E0}.Vista Release|x64.Build.0 = Release|x64
		{1F43F17B-D311-4CDE-BABA-2D5988EC43E0}.Vista Release|x64.Deploy.0 = Release|x64
		{1F43F17B-D311-4CDE-BABA-2D5988EC43E0}.Win7 Debug|Win32.ActiveCfg = Debug|Win32
		{1F43F17B-D311-4CDE-BABA-2D5988EC43E0}.Win7 Debug|Win32.Build.0 = Debug|Win32
		{1F43F17B-D311-4CDE-BABA-2D5988EC43E0}.Win7 Debug|Win32.Deploy.0 = Debug|Win32
		{1F43F17B-D311-4CDE-BABA-2D5988EC43E0}.Win7 Debug|x64.ActiveCfg = Debug|x64
		{1F43F17B-D311-4CDE-BABA-2D5988EC43E0}.Win7 Debug|x64.Build.0 = Debug|x64
		{1F43F17B-D311-4CDE-BABA-2D5988EC43E0}.Win7 Debug|x64.Deploy.0 = Debug|x64
		{1F43F17B-D311-4CDE-BABA-2D5988EC43E0}.Win7 Release|Win32.ActiveCfg = Release|Win32
		{1F43F17B-D311-4CDE-BABA-2D5988EC43E0}.Win7 Release|Win32.Build.0 = Release|Win32
		{1F43F17B-D311-4CDE-BABA-2D5988EC43E0}.Win7 Release|Win32.Deploy.0 = Release|Win32
		{1F43F17B-D311-4CDE-BABA-2D5988EC43E0}.Win7 Release|x64.ActiveCfg = Release|x64
		{1F43F17B-D311-4CDE-BABA-2D5988EC43E0}.Win7 Release|x64.Build.0 = Release|x64
		{1F43F17B-D311-4CDE-BABA-2D5988EC43E0}.Win7 Release|x64.Deploy.0 = Release|x64
		{1F43F17B-D311-4CDE-BABA-2D5988EC43E0}.Win8 Debug|Win32.ActiveCfg = Debug|Win32
		{1F43F17B-D311-4CDE-BABA-2D5988EC43E0}.Win8 Debug|Win32.Build.0 = Debug|Win32
		{1F43F17B-D311-4CDE-BABA-2D5988EC43E0}.Win8 Debug|Win32.Deploy.0 = Debug|Win32
		{1F43F17B-D311-4CDE-BABA-2D5988EC43E0}.Win8 Debug|x64.ActiveCfg = Debug|x64
		{1F43F17B-D311-4CDE-BABA-2D5988EC43E0}.Win8 Debug|x64.Build.0 = Debug|x64
		{1F43F17B-D311-4CDE-BABA-2D5988EC43E0}.Win8 Debug|x64.Deploy.0 = Debug|x64
		{1F43F17B-D311-4CDE-BABA-2D5988EC43E0}.Win8 Release|Win32.ActiveCfg = Release|Win32
		{1F43F17B-D311-4CDE-BABA-2D5988EC43E0}.Win8 Release|Win32.Build.0 = Release|Win32
		{1F43F17B-D311-4CDE-BABA-2D5988EC43E0}.Win8 Release|Win32.Deploy.0 = Release|Win32
		{1F43F17B-D311-4CDE-BABA-2D5988EC43E0}.Win8 Release|x64.ActiveCfg = Release|x64
		{1F43F17B-D311-4CDE-BABA-2D5988EC43E0}.Win8 Release|x64.Build.0 = Release|x64
		{1F43F17B-D311-4CDE-BABA-2D5988EC43E0}.Win8 Release|x64.Deploy.0 = Release|x64
		{3EA8A696-21A9-47D1-9699-4996DB5D0E17}.CD_ROM|Win32.ActiveCfg = Win8 Debug|Win32
		{3EA8A696-21A9-47D1-9699-4996DB5D0E17}.CD_ROM|Win32.Build.0 = Win8 Debug|Win32
		{3EA8A696-21A9-47D1-9699-4996DB5D0E17}.CD_ROM|Win32.Deploy.0 = Win8 Debug|Win32
		{3EA8A696-21A9-47D1-9699-4996DB5D0E17}.CD_ROM|x64.ActiveCfg = Release|x64
		{3EA8A696-21A9-47D1-9699-4996DB5D0E17}.CD_ROM|x64.Build.0 = Release|x64
		{3EA8A696-21A9-47D1-9699-4996DB5D0E17}.CD_ROM|x64.Deploy.0 = Release|x64
		{3EA8A696-21A9-47D1-9699-4996DB5D0E17}.Debug|Win32.ActiveCfg = Win7 Debug|Win32
		{3EA8A696-21A9-47D1-9699-4996DB5D0E17}.Debug|Win32.Build.0 = Win7 Debug|Win32
		{3EA8A696-21A9-47D1-9699-4996DB5D0E17}.Debug|Win32.Deploy.0 = Win7 Debug|Win32
		{3EA8A696-21A9-47D1-9699-4996DB5D0E17}.Debug|x64.ActiveCfg = Win7 Debug|x64
		{3EA8A696-21A9-47D1-9699-4996DB5D0E17}.Debug|x64.Build.0 = Win7 Debug|x64
		{3EA8A696-21A9-47D1-9699-4996DB5D0E17}.Debug|x64.Deploy.0 = Win7 Debug|x64
		{3EA8A696-21A9-47D1-9699-4996DB5D0E17}.DVD-5|Win32.ActiveCfg = Win8 Debug|Win32
		{3EA8A696-21A9-47D1-9699-4996DB5D0E17}.DVD-5|Win32.Build.0 = Win8 Debug|Win32
		{3EA8A696-21A9-47D1-9699-4996DB5D0E17}.DVD-5|Win32.Deploy.0 = Win8 Debug|Win32
		{3EA8A696-21A9-47D1-9699-4996DB5D0E17}.DVD-5|x64.ActiveCfg = Release|x64
		{3EA8A696-21A9-47D1-9699-4996DB5D0E17}.DVD-5|x64.Build.0 = Release|x64
		{3EA8A696-21A9-47D1-9699-4996DB5D0E17}.DVD-5|x64.Deploy.0 = Release|x64
		{3EA8A696-21A9-47D1-9699-4996DB5D0E17}.Release|Win32.ActiveCfg = Release|Win32
		{3EA8A696-21A9-47D1-9699-4996DB5D0E17}.Release|Win32.Build.0 = Release|Win32
		{3EA8A696-21A9-47D1-9699-4996DB5D0E17}.Release|Win32.Deploy.0 = Release|Win32
		{3EA8A696-21A9-47D1-9699-4996DB5D0E17}.Release|x64.ActiveCfg = Release|x64
		{3EA8A696-21A9-47D1-9699-4996DB5D0E17}.Release|x64.Build.0 = Release|x64
		{3EA8A696-21A9-47D1-9699-4996DB5D0E17}.Release|x64.Deploy.0 = Release|x64
		{3EA8A696-21A9-47D1-9699-4996DB5D0E17}.SingleImage|Win32.ActiveCfg = Win8 Debug|Win32
		{3EA8A696-21A9-47D1-9699-4996DB5D0E17}.SingleImage|Win32.Build.0 = Win8 Debug|Win32
		{3EA8A696-21A9-47D1-9699-4996DB5D0E17}.SingleImage|Win32.Deploy.0 = Win8 Debug|Win32
		{3EA8A696-21A9-47D1-9699-4996DB5D0E17}.SingleImage|x64.ActiveCfg = Release|x64
		{3EA8A696-21A9-47D1-9699-4996DB5D0E17}.SingleImage|x64.Build.0 = Release|x64
		{3EA8A696-21A9-47D1-9699-4996DB5D0E17}.SingleImage|x64.Deploy.0 = Release|x64
		{3EA8A696-21A9-47D1-9699-4996DB5D0E17}.Vista Debug|Win32.ActiveCfg = Vista Debug|Win32
		{3EA8A696-21A9-47D1-9699-4996DB5D0E17}.Vista Debug|Win32.Build.0 = Vista Debug|Win32
		{3EA8A696-21A9-47D1-9699-4996DB5D0E17}.Vista Debug|Win32.Deploy.0 = Vista Debug|Win32
		{3EA8A696-21A9-47D1-9699-4996DB5D0E17}.Vista Debug|x64.ActiveCfg = Vista Debug|x64
		{3EA8A696-21A9-47D1-9699-4996DB5D0E17}.Vista Debug|x64.Build.0 = Vista Debug|x64
		{3EA8A696-21A9-47D1-9699-4996DB5D0E17}.Vista Debug|x64.Deploy.0 = Vista Debug|x64
		{3EA8A696-21A9-47D1-9699-4996DB5D0E17}.Vista Release|Win32.ActiveCfg = Vista Release|Win32
		{3EA8A696-21A9-47D1-9699-4996DB5D0E17}.Vista Release|Win32.Build.0 = Vista Release|Win32
		{3EA8A696-21A9-47D1-9699-4996DB5D0E17}.Vista Release|Win32.Deploy.0 = Vista Release|Win32
		{3EA8A696-21A9-47D1-9699-4996DB5D0E17}.Vista Release|x64.ActiveCfg = Vista Release|x64
		{3EA8A696-21A9-47D1-9699-4996DB5D0E17}.Vista Release|x64.Build.0 = Vista Release|x64
		{3EA8A696-21A9-47D1-9699-4996DB5D0E17}.Vista Release|x64.Deploy.0 = Vista Release|x64
		{3EA8A696-21A9-47D1-9699-4996DB5D0E17}.Win7 Debug|Win32.ActiveCfg = Win7 Debug|Win32
		{3EA8A696-21A9-47D1-9699-4996DB5D0E17}.Win7 Debug|Win32.Build.0 = Win7 Debug|Win32
		{3EA8A696-21A9-47D1-9699-4996DB5D0E17}.Win7 Debug|Win32.Deploy.0 = Win7 Debug|Win32
		{3EA8A696-21A9-47D1-9699-4996DB5D0E17}.Win7 Debug|x64.ActiveCfg = Win7 Debug|x64
		{3EA8A696-21A9-47D1-9699-4996DB5D0E17}.Win7 Debug|x64.Build.0 = Win7 Debug|x64
		{3EA8A696-21A9-47D1-9699-4996DB5D0E17}.Win7 Debug|x64.Deploy.0 = Win7 Debug|x64
		{3EA8A696-21A9-47D1-9699-4996DB5D0E17}.Win7 Release|Win32.ActiveCfg = Win7 Release|Win32
		{3EA8A696-21A9-47D1-9699-4996DB5D0E17}.Win7 Release|Win32.Build.0 = Win7 Release|Win32
		{3EA8A696-21A9-47D1-9699-4996DB5D0E17}.Win7 Release|Win32.Deploy.0 = Win7 Release|Win32
		{3EA8A696-21A9-47D1-9699-4996DB5D0E17}.Win7 Release|x64.ActiveCfg = Win7 Release|x64
		{3EA8A696-21A9-47D1-9699-4996DB5D0E17}.Win7 Release|x64.Build.0 = Win7 Release|x64
		{3EA8A696-21A9-47D1-9699-4996DB5D0E17}.Win7 Release|x64.Deploy.0 = Win7 Release|x64
		{3EA8A696-21A9-47D1-9699-4996DB5D0E17}.Win8 Debug|Win32.ActiveCfg = Win8 Debug|Win32
		{3EA8A696-21A9-47D1-9699-4996DB5D0E17}.Win8 Debug|Win32.Build.0 = Win8 Debug|Win32
		{3EA8A696-21A9-47D1-9699-4996DB5D0E17}.Win8 Debug|Win32.Deploy.0 = Win8 Debug|Win32
		{3EA8A696-21A9-47D1-9699-4996DB5D0E17}.Win8 Debug|x64.ActiveCfg = Win8 Debug|x64
		{3EA8A696-21A9-47D1-9699-4996DB5D0E17}.Win8 Debug|x64.Build.0 = Win8 Debug|x64
		{3EA8A696-21A9-47D1-9699-4996DB5D0E17}.Win8 Debug|x64.Deploy.0 = Win8 Debug|x64
		{3EA8A696-21A9-47D1-9699-4996DB5D0E17}.Win8 Release|Win32.ActiveCfg = Win8 Release|Win32
		{3EA8A696-21A9-47D1-9699-4996DB5D0E17}.Win8 Release|Win32.Build.0 = Win8 Release|Win32
		{3EA8A696-21A9-47D1-9699-4996DB5D0E17}.Win8 Release|Win32.Deploy.0 = Win8 Release|Win32
		{3EA8A696-21A9-47D1-9699-4996DB5D0E17}.Win8 Release|x64.ActiveCfg = Win8 Release|x64
		{3EA8A696-21A9-47D1-9699-4996DB5D0E17}.Win8 Release|x64.Build.0 = Win8 Release|x64
		{3EA8A696-21A9-47D1-9699-4996DB5D0E17}.Win8 Release|x64.Deploy.0 = Win8 Release|x64
		{824E9543-D1D9-4AC7-AD90-CA195960A254}.CD_ROM|Win32.ActiveCfg = Win8 Debug|Win32
		{824E9543-D1D9-4AC7-AD90-CA195960A254}.CD_ROM|Win32.Build.0 = Win8 Debug|Win32
		{824E9543-D1D9-4AC7-AD90-CA195960A254}.CD_ROM|Win32.Deploy.0 = Win8 Debug|Win32
		{824E9543-D1D9-4AC7-AD90-CA195960A254}.CD_ROM|x64.ActiveCfg = Release|x64
		{824E9543-D1D9-4AC7-AD90-CA195960A254}.CD_ROM|x64.Build.0 = Release|x64
		{824E9543-D1D9-4AC7-AD90-CA195960A254}.CD_ROM|x64.Deploy.0 = Release|x64
		{824E9543-D1D9-4AC7-AD90-CA195960A254}.Debug|Win32.ActiveCfg = Win7 Debug|Win32
		{824E9543-D1D9-4AC7-AD90-CA195960A254}.Debug|Win32.Build.0 = Win7 Debug|Win32
		{824E9543-D1D9-4AC7-AD90-CA195960A254}.Debug|Win32.Deploy.0 = Win7 Debug|Win32
		{824E9543-D1D9-4AC7-AD90-CA195960A254}.Debug|x64.ActiveCfg = Win7 Debug|x64
		{824E9543-D1D9-4AC7-AD90-CA195960A254}.Debug|x64.Build.0 = Win7 Debug|x64
		{824E9543-D1D9-4AC7-AD90-CA195960A254}.Debug|x64.Deploy.0 = Win7 Debug|x64
		{824E9543-D1D9-4AC7-AD90-CA195960A254}.DVD-5|Win32.ActiveCfg = Win8 Debug|Win32
		{824E9543-D1D9-4AC7-AD90-CA195960A254}.DVD-5|Win32.Build.0 = Win8 Debug|Win32
		{824E9543-D1D9-4AC7-AD90-CA195960A254}.DVD-5|Win32.Deploy.0 = Win8 Debug|Win32
		{824E9543-D1D9-4AC7-AD90-CA195960A254}.DVD-5|x64.ActiveCfg = Release|x64
		{824E9543-D1D9-4AC7-AD90-CA195960A254}.DVD-5|x64.Build.0 = Release|x64
		{824E9543-D1D9-4AC7-AD90-CA195960A254}.DVD-5|x64.Deploy.0 = Release|x64
		{824E9543-D1D9-4AC7-AD90-CA195960A254}.Release|Win32.ActiveCfg = Release|Win32
		{824E9543-D1D9-4AC7-AD90-CA195960A254}.Release|Win32.Build.0 = Release|Win32
		{824E9543-D1D9-4AC7-AD90-CA195960A254}.Release|Win32.Deploy.0 = Release|Win32
		{824E9543-D1D9-4AC7-AD90-CA195960A254}.Release|x64.ActiveCfg = Release|x64
		{824E9543-D1D9-4AC7-AD90-CA195960A254}.Release|x64.Build.0 = Release|x64
		{824E9543-D1D9-4AC7-AD90-CA195960A254}.Release|x64.Deploy.0 = Release|x64
		{824E9543-D1D9-4AC7-AD90-CA195960A254}.SingleImage|Win32.ActiveCfg = Win8 Debug|Win32
		{824E9543-D1D9-4AC7-AD90-CA195960A254}.SingleImage|Win32.Build.0 = Win8 Debug|Win32
		{824E9543-D1D9-4AC7-AD90-CA195960A254}.SingleImage|Win32.Deploy.0 = Win8 Debug|Win32
		{824E9543-D1D9-4AC7-AD90-CA195960A254}.SingleImage|x64.ActiveCfg = Release|x64
		{824E9543-D1D9-4AC7-AD90-CA195960A254}.SingleImage|x64.Build.0 = Release|x64
		{824E9543-D1D9-4AC7-AD90-CA195960A254}.SingleImage|x64.Deploy.0 = Release|x64
		{824E9543-D1D9-4AC7-AD90-CA195960A254}.Vista Debug|Win32.ActiveCfg = Vista Debug|Win32
		{824E9543-D1D9-4AC7-AD90-CA195960A254}.Vista Debug|Win32.Build.0 = Vista Debug|Win32
		{824E9543-D1D9-4AC7-AD90-CA195960A254}.Vista Debug|Win32.Deploy.0 = Vista Debug|Win32
		{824E9543-D1D9-4AC7-AD90-CA195960A254}.Vista Debug|x64.ActiveCfg = Vista Debug|x64
		{824E9543-D1D9-4AC7-AD90-CA195960A254}.Vista Debug|x64.Build.0 = Vista Debug|x64
		{824E9543-D1D9-4AC7-AD90-CA195960A254}.Vista Debug|x64.Deploy.0 = Vista Debug|x64
		{824E9543-D1D9-4AC7-AD90-CA195960A254}.Vista Release|Win32.ActiveCfg = Vista Release|Win32
		{824E9543-D1D9-4AC7-AD90-CA195960A254}.Vista Release|Win32.Build.0 = Vista Release|Win32
		{824E9543-D1D9-4AC7-AD90-CA195960A254}.Vista Release|Win32.Deploy.0 = Vista Release|Win32
		{824E9543-D1D9-4AC7-AD90-CA195960A254}.Vista Release|x64.ActiveCfg = Vista Release|x64
		{824E9543-D1D9-4AC7-AD90-CA195960A254}.Vista Release|x64.Build.0 = Vista Release|x64
		{824E9543-D1D9-4AC7-AD90-CA195960A254}.Vista Release|x64.Deploy.0 = Vista Release|x64
		{824E9543-D1D9-4AC7-AD90-CA195960A254}.Win7 Debug|Win32.ActiveCfg = Win7 Debug|Win32
		{824E9543-D1D9-4AC7-AD90-CA195960A254}.Win7 Debug|Win32.Build.0 = Win7 Debug|Win32
		{824E9543-D1D9-4AC7-AD90-CA195960A254}.Win7 Debug|Win32.Deploy.0 = Win7 Debug|Win32
		{824E9543-D1D9-4AC7-AD90-CA195960A254}.Win7 Debug|x64.ActiveCfg = Win7 Debug|x64
		{824E9543-D1D9-4AC7-AD90-CA195960A254}.Win7 Debug|x64.Build.0 = Win7 Debug|x64
		{824E9543-D1D9-4AC7-AD90-CA195960A254}.Win7 Debug|x64.Deploy.0 = Win7 Debug|x64
		{824E9543-D1D9-4AC7-AD90-CA195960A254}.Win7 Release|Win32.ActiveCfg = Win7 Release|Win32
		{824E9543-D1D9-4AC7-AD90-CA195960A254}.Win7 Release|Win32.Build.0 = Win7 Release|Win32
		{824E9543-D1D9-4AC7-AD90-CA195960A254}.Win7 Release|Win32.Deploy.0 = Win7 Release|Win32
		{824E9543-D1D9-4AC7-AD90-CA195960A254}.Win7 Release|x64.ActiveCfg = Win7 Release|x64
		{824E9543-D1D9-4AC7-AD90-CA195960A254}.Win7 Release|x64.Build.0 = Win7 Release|x64
		{824E9543-D1D9-4AC7-AD90-CA195960A254}.Win7 Release|x64.Deploy.0 = Win7 Release|x64
		{824E9543-D1D9-4AC7-AD90-CA195960A254}.Win8 Debug|Win32.ActiveCfg = Win8 Debug|Win32
		{824E9543-D1D9-4AC7-AD90-CA195960A254}.Win8 Debug|Win32.Build.0 = Win8 Debug|Win32
		{824E9543-D1D9-4AC7-AD90-CA195960A254}.Win8 Debug|Win32.Deploy.0 = Win8 Debug|Win32
		{824E9543-D1D9-4AC7-AD90-CA195960A254}.Win8 Debug|x64.ActiveCfg = Win8 Debug|x64
		{824E9543-D1D9-4AC7-AD90-CA195960A254}.Win8 Debug|x64.Build.0 = Win8 Debug|x64
		{824E9543-D1D9-4AC7-AD90-CA195960A254}.Win8 Debug|x64.Deploy.0 = Win8 Debug|x64
		{824E9543-D1D9-4AC7-AD90-CA195960A254}.Win8 Release|Win32.ActiveCfg = Win8 Release|Win32
		{824E9543-D1D9-4AC7-AD90-CA195960A254}.Win8 Release|Win32.Build.0 = Win8 Release|Win32
		{824E9543-D1D9-4AC7-AD90-CA195960A254}.Win8 Release|Win32.Deploy.0 = Win8 Release|Win32
		{824E9543-D1D9-4AC7-AD90-CA195960A254}.Win8 Release|x64.ActiveCfg = Win8 Release|x64
		{824E9543-D1D9-4AC7-AD90-CA195960A254}.Win8 Release|x64.Build.0 = Win8 Release|x64
		{824E9543-D1D9-4AC7-AD90-CA195960A254}.Win8 Release|x64.Deploy.0 = Win8 Release|x64
		{AB4DAFBE-7289-434D-AAB0-DBF82F37E59C}.CD_ROM|Win32.ActiveCfg = Release|Win32
		{AB4DAFBE-7289-434D-AAB0-DBF82F37E59C}.CD_ROM|Win32.Build.0 = Release|Win32
		{AB4DAFBE-7289-434D-AAB0-DBF82F37E59C}.CD_ROM|Win32.Deploy.0 = Release|Win32
		{AB4DAFBE-7289-434D-AAB0-DBF82F37E59C}.CD_ROM|x64.ActiveCfg = Release|Win32
		{AB4DAFBE-7289-434D-AAB0-DBF82F37E59C}.Debug|Win32.ActiveCfg = Debug|Win32
		{AB4DAFBE-7289-434D-AAB0-DBF82F37E59C}.Debug|Win32.Build.0 = Debug|Win32
		{AB4DAFBE-7289-434D-AAB0-DBF82F37E59C}.Debug|Win32.Deploy.0 = Debug|Win32
		{AB4DAFBE-7289-434D-AAB0-DBF82F37E59C}.Debug|x64.ActiveCfg = Debug|Win32
		{AB4DAFBE-7289-434D-AAB0-DBF82F37E59C}.DVD-5|Win32.ActiveCfg = Debug|Win32
		{AB4DAFBE-7289-434D-AAB0-DBF82F37E59C}.DVD-5|Win32.Build.0 = Debug|Win32
		{AB4DAFBE-7289-434D-AAB0-DBF82F37E59C}.DVD-5|Win32.Deploy.0 = Debug|Win32
		{AB4DAFBE-7289-434D-AAB0-DBF82F37E59C}.DVD-5|x64.ActiveCfg = Debug|Win32
		{AB4DAFBE-7289-434D-AAB0-DBF82F37E59C}.Release|Win32.ActiveCfg = Release|Win32
		{AB4DAFBE-7289-434D-AAB0-DBF82F37E59C}.Release|Win32.Build.0 = Release|Win32
		{AB4DAFBE-7289-434D-AAB0-DBF82F37E59C}.Release|Win32.Deploy.0 = Release|Win32
		{AB4DAFBE-7289-434D-AAB0-DBF82F37E59C}.Release|x64.ActiveCfg = Release|Win32
		{AB4DAFBE-7289-434D-AAB0-DBF82F37E59C}.SingleImage|Win32.ActiveCfg = Release|Win32
		{AB4DAFBE-7289-434D-AAB0-DBF82F37E59C}.SingleImage|Win32.Build.0 = Release|Win32
		{AB4DAFBE-7289-434D-AAB0-DBF82F37E59C}.SingleImage|Win32.Deploy.0 = Release|Win32
		{AB4DAFBE-7289-434D-AAB0-DBF82F37E59C}.SingleImage|x64.ActiveCfg = Release|Win32
		{AB4DAFBE-7289-434D-AAB0-DBF82F37E59C}.Vista Debug|Win32.ActiveCfg = Debug|Win32
		{AB4DAFBE-7289-434D-AAB0-DBF82F37E59C}.Vista Debug|Win32.Build.0 = Debug|Win32
		{AB4DAFBE-7289-434D-AAB0-DBF82F37E59C}.Vista Debug|Win32.Deploy.0 = Debug|Win32
		{AB4DAFBE-7289-434D-AAB0-DBF82F37E59C}.Vista Debug|x64.ActiveCfg = Debug|Win32
		{AB4DAFBE-7289-434D-AAB0-DBF82F37E59C}.Vista Release|Win32.ActiveCfg = Release|Win32
		{AB4DAFBE-7289-434D-AAB0-DBF82F37E59C}.Vista Release|Win32.Build.0 = Release|Win32
		{AB4DAFBE-7289-434D-AAB0-DBF82F37E59C}.Vista Release|Win32.Deploy.0 = Release|Win32
		{AB4DAFBE-7289-434D-AAB0-DBF82F37E59C}.Vista Release|x64.ActiveCfg = Release|Win32
		{AB4DAFBE-7289-434D-AAB0-DBF82F37E59C}.Win7 Debug|Win32.ActiveCfg = Debug|Win32
		{AB4DAFBE-7289-434D-AAB0-DBF82F37E59C}.Win7 Debug|Win32.Build.0 = Debug|Win32
		{AB4DAFBE-7289-434D-AAB0-DBF82F37E59C}.Win7 Debug|Win32.Deploy.0 = Debug|Win32
		{AB4DAFBE-7289-434D-AAB0-DBF82F37E59C}.Win7 Debug|x64.ActiveCfg = Debug|Win32
		{AB4DAFBE-7289-434D-AAB0-DBF82F37E59C}.Win7 Release|Win32.ActiveCfg = Release|Win32
		{AB4DAFBE-7289-434D-AAB0-DBF82F37E59C}.Win7 Release|Win32.Build.0 = Release|Win32
		{AB4DAFBE-7289-434D-AAB0-DBF82F37E59C}.Win7 Release|Win32.Deploy.0 = Release|Win32
		{AB4DAFBE-7289-434D-AAB0-DBF82F37E59C}.Win7 Release|x64.ActiveCfg = Release|Win32
		{AB4DAFBE-7289-434D-AAB0-DBF82F37E59C}.Win8 Debug|Win32.ActiveCfg = Debug|Win32
		{AB4DAFBE-7289-434D-AAB0-DBF82F37E59C}.Win8 Debug|Win32.Build.0 = Debug|Win32
		{AB4DAFBE-7289-434D-AAB0-DBF82F37E59C}.Win8 Debug|Win32.Deploy.0 = Debug|Win32
		{AB4DAFBE-7289-434D-AAB0-DBF82F37E59C}.Win8 Debug|x64.ActiveCfg = Debug|Win32
		{AB4DAFBE-7289-434D-AAB0-DBF82F37E59C}.Win8 Release|Win32.ActiveCfg = Release|Win32
		{AB4DAFBE-7289-434D-AAB0-DBF82F37E59C}.Win8 Release|Win32.Build.0 = Release|Win32
		{AB4DAFBE-7289-434D-AAB0-DBF82F37E59C}.Win8 Release|Win32.Deploy.0 = Release|Win32
		{AB4DAFBE-7289-434D-AAB0-DBF82F37E59C}.Win8 Release|x64.ActiveCfg = Release|Win32
		{4D5DBD1F-646C-4C20-8DFA-36A70FB3D18C}.CD_ROM|Win32.ActiveCfg = Release|Win32
		{4D5DBD1F-646C-4C20-8DFA-36A70FB3D18C}.CD_ROM|Win32.Build.0 = Release|Win32
		{4D5DBD1F-646C-4C20-8DFA-36A70FB3D18C}.CD_ROM|Win32.Deploy.0 = Release|Win32
		{4D5DBD1F-646C-4C20-8DFA-36A70FB3D18C}.CD_ROM|x64.ActiveCfg = Release|Win32
		{4D5DBD1F-646C-4C20-8DFA-36A70FB3D18C}.Debug|Win32.ActiveCfg = Debug|Win32
		{4D5DBD1F-646C-4C20-8DFA-36A70FB3D18C}.Debug|Win32.Build.0 = Debug|Win32
		{4D5DBD1F-646C-4C20-8DFA-36A70FB3D18C}.Debug|Win32.Deploy.0 = Debug|Win32
		{4D5DBD1F-646C-4C20-8DFA-36A70FB3D18C}.Debug|x64.ActiveCfg = Debug|Win32
		{4D5DBD1F-646C-4C20-8DFA-36A70FB3D18C}.DVD-5|Win32.ActiveCfg = Debug|Win32
		{4D5DBD1F-646C-4C20-8DFA-36A70FB3D18C}.DVD-5|Win32.Build.0 = Debug|Win32
		{4D5DBD1F-646C-4C20-8DFA-36A70FB3D18C}.DVD-5|Win32.Deploy.0 = Debug|Win32
		{4D5DBD1F-646C-4C20-8DFA-36A70FB3D18C}.DVD-5|x64.ActiveCfg = Debug|Win32
		{4D5DBD1F-646C-4C20-8DFA-36A70FB3D18C}.Release|Win32.ActiveCfg = Release|Win32
		{4D5DBD1F-646C-4C20-8DFA-36A70FB3D18C}.Release|Win32.Build.0 = Release|Win32
		{4D5DBD1F-646C-4C20-8DFA-36A70FB3D18C}.Release|Win32.Deploy.0 = Release|Win32
		{4D5DBD1F-646C-4C20-8DFA-36A70FB3D18C}.Release|x64.ActiveCfg = Release|x64
		{4D5DBD1F-646C-4C20-8DFA-36A70FB3D18C}.Release|x64.Build.0 = Release|x64
		{4D5DBD1F-646C-4C20-8DFA-36A70FB3D18C}.SingleImage|Win32.ActiveCfg = Release|Win32
		{4D5DBD1F-646C-4C20-8DFA-36A70FB3D18C}.SingleImage|Win32.Build.0 = Release|Win32
		{4D5DBD1F-646C-4C20-8DFA-36A70FB3D18C}.SingleImage|Win32.Deploy.0 = Release|Win32
		{4D5DBD1F-646C-4C20-8DFA-36A70FB3D18C}.SingleImage|x64.ActiveCfg = Release|Win32
		{4D5DBD1F-646C-4C20-8DFA-36A70FB3D18C}.Vista Debug|Win32.ActiveCfg = Debug|Win32
		{4D5DBD1F-646C-4C20-8DFA-36A70FB3D18C}.Vista Debug|Win32.Build.0 = Debug|Win32
		{4D5DBD1F-646C-4C20-8DFA-36A70FB3D18C}.Vista Debug|Win32.Deploy.0 = Debug|Win32
		{4D5DBD1F-646C-4C20-8DFA-36A70FB3D18C}.Vista Debug|x64.ActiveCfg = Debug|Win32
		{4D5DBD1F-646C-4C20-8DFA-36A70FB3D18C}.Vista Release|Win32.ActiveCfg = Release|Win32
		{4D5DBD1F-646C-4C20-8DFA-36A70FB3D18C}.Vista Release|Win32.Build.0 = Release|Win32
		{4D5DBD1F-646C-4C20-8DFA-36A70FB3D18C}.Vista Release|Win32.Deploy.0 = Release|Win32
		{4D5DBD1F-646C-4C20-8DFA-36A70FB3D18C}.Vista Release|x64.ActiveCfg = Release|Win32
		{4D5DBD1F-646C-4C20-8DFA-36A70FB3D18C}.Win7 Debug|Win32.ActiveCfg = Debug|Win32
		{4D5DBD1F-646C-4C20-8DFA-36A70FB3D18C}.Win7 Debug|Win32.Build.0 = Debug|Win32
		{4D5DBD1F-646C-4C20-8DFA-36A70FB3D18C}.Win7 Debug|Win32.Deploy.0 = Debug|Win32
		{4D5DBD1F-646C-4C20-8DFA-36A70FB3D18C}.Win7 Debug|x64.ActiveCfg = Debug|Win32
		{4D5DBD1F-646C-4C20-8DFA-36A70FB3D18C}.Win7 Release|Win32.ActiveCfg = Release|Win32
		{4D5DBD1F-646C-4C20-8DFA-36A70FB3D18C}.Win7 Release|Win32.Build.0 = Release|Win32
		{4D5DBD1F-646C-4C20-8DFA-36A70FB3D18C}.Win7 Release|Win32.Deploy.0 = Release|Win32
		{4D5DBD1F-646C-4C20-8DFA-36A70FB3D18C}.Win7 Release|x64.ActiveCfg = Release|Win32
		{4D5DBD1F-646C-4C20-8DFA-36A70FB3D18C}.Win8 Debug|Win32.ActiveCfg = Debug|Win32
		{4D5DBD1F-646C-4C20-8DFA-36A70FB3D18C}.Win8 Debug|Win32.Build.0 = Debug|Win32
		{4D5DBD1F-646C-4C20-8DFA-36A70FB3D18C}.Win8 Debug|Win32.Deploy.0 = Debug|Win32
		{4D5DBD1F-646C-4C20-8DFA-36A70FB3D18C}.Win8 Debug|x64.ActiveCfg = Debug|Win32
		{4D5DBD1F-646C-4C20-8DFA-36A70FB3D18C}.Win8 Release|Win32.ActiveCfg = Release|Win32
		{4D5DBD1F-646C-4C20-8DFA-36A70FB3D18C}.Win8 Release|Win32.Build.0 = Release|Win32
		{4D5DBD1F-646C-4C20-8DFA-36A70FB3D18C}.Win8 Release|Win32.Deploy.0 = Release|Win32
		{4D5DBD1F-646C-4C20-8DFA-36A70FB3D18C}.Win8 Release|x64.ActiveCfg = Release|Win32
	EndGlobalSection
	GlobalSection(SolutionProperties) = preSolution
		HideSolutionNode = FALSE
	EndGlobalSection
	GlobalSection(SubversionScc) = preSolution
		Svn-Managed = True
		Manager = AnkhSVN - Subversion Support for Visual Studio
	EndGlobalSection
EndGlobal
