<?xml version="1.0" encoding="utf-8"?>
<Project ToolsVersion="4.0" xmlns="http://schemas.microsoft.com/developer/msbuild/2003">
  <ItemGroup>
    <Filter Include="Archivos de código fuente">
      <UniqueIdentifier>{103d7a0f-fc03-4d06-bff6-bcbd6c34d476}</UniqueIdentifier>
    </Filter>
    <Filter Include="Archivos generados">
      <UniqueIdentifier>{c20e3788-2ea3-4835-8b65-76bcfafab355}</UniqueIdentifier>
      <SourceControlFiles>False</SourceControlFiles>
    </Filter>
  </ItemGroup>
  <ItemGroup>
    <None Include="DrainwareSecurityAgentps.def" />
  </ItemGroup>
  <ItemGroup>
    <ClCompile Include="DrainwareSecurityAgent_i.c">
      <Filter>Archivos generados</Filter>
    </ClCompile>
    <ClCompile Include="DrainwareSecurityAgent_p.c">
      <Filter>Archivos generados</Filter>
    </ClCompile>
    <ClCompile Include="dlldata.c">
      <Filter>Archivos generados</Filter>
    </ClCompile>
  </ItemGroup>
</Project>