<?xml version="1.0" encoding="utf-8"?>
<Project ToolsVersion="4.0" xmlns="http://schemas.microsoft.com/developer/msbuild/2003">
  <ItemGroup>
    <Filter Include="Archivos de código fuente">
      <UniqueIdentifier>{4FC737F1-C7A5-4376-A066-2A32D752A2FF}</UniqueIdentifier>
      <Extensions>cpp;c;cc;cxx;def;odl;idl;hpj;bat;asm;asmx</Extensions>
    </Filter>
    <Filter Include="Archivos de encabezado">
      <UniqueIdentifier>{93995380-89BD-4b04-88EB-625FBE52EBFB}</UniqueIdentifier>
      <Extensions>h;hpp;hxx;hm;inl;inc;xsd</Extensions>
    </Filter>
    <Filter Include="Archivos de recursos">
      <UniqueIdentifier>{67DA6AB6-F800-4c08-8B7A-83BB121AAD01}</UniqueIdentifier>
      <Extensions>rc;ico;cur;bmp;dlg;rc2;rct;bin;rgs;gif;jpg;jpeg;jpe;resx;tiff;tif;png;wav;mfcribbon-ms</Extensions>
    </Filter>
    <Filter Include="Archivos generados">
      <UniqueIdentifier>{e2b29bd5-4e6f-4515-990c-95ad62c10186}</UniqueIdentifier>
      <SourceControlFiles>False</SourceControlFiles>
    </Filter>
  </ItemGroup>
  <ItemGroup>
    <ClCompile Include="stdafx.cpp">
      <Filter>Archivos de código fuente</Filter>
    </ClCompile>
    <ClCompile Include="DwUserAgent.cpp">
      <Filter>Archivos de código fuente</Filter>
    </ClCompile>
    <ClCompile Include="DwUserAgent_i.c">
      <Filter>Archivos generados</Filter>
    </ClCompile>
    <ClCompile Include="WndUserAgent.cpp">
      <Filter>Archivos de código fuente</Filter>
    </ClCompile>
    <ClCompile Include="DriveWatcher.cpp">
      <Filter>Archivos de código fuente</Filter>
    </ClCompile>
    <ClCompile Include="KeyLogger.cpp">
      <Filter>Archivos de código fuente</Filter>
    </ClCompile>
    <ClCompile Include="TrayWindow.cpp">
      <Filter>Archivos de código fuente</Filter>
    </ClCompile>
  </ItemGroup>
  <ItemGroup>
    <ClInclude Include="stdafx.h">
      <Filter>Archivos de encabezado</Filter>
    </ClInclude>
    <ClInclude Include="targetver.h">
      <Filter>Archivos de encabezado</Filter>
    </ClInclude>
    <ClInclude Include="Resource.h">
      <Filter>Archivos de encabezado</Filter>
    </ClInclude>
    <ClInclude Include="DwUserAgent_i.h">
      <Filter>Archivos generados</Filter>
    </ClInclude>
    <ClInclude Include="WndUserAgent.h">
      <Filter>Archivos de encabezado</Filter>
    </ClInclude>
    <ClInclude Include="DriveWatcher.h">
      <Filter>Archivos de encabezado</Filter>
    </ClInclude>
    <ClInclude Include="KeyLogger.h">
      <Filter>Archivos de encabezado</Filter>
    </ClInclude>
    <ClInclude Include="TrayWindow.h">
      <Filter>Archivos de encabezado</Filter>
    </ClInclude>
    <ClInclude Include="ITrayWindow.h">
      <Filter>Archivos de encabezado</Filter>
    </ClInclude>
    <ClInclude Include="LicenseDlg.h">
      <Filter>Archivos de encabezado</Filter>
    </ClInclude>
    <ClInclude Include="WaitForCheck.h">
      <Filter>Archivos de encabezado</Filter>
    </ClInclude>
    <ClInclude Include="UserMessage.h">
      <Filter>Archivos de encabezado</Filter>
    </ClInclude>
    <ClInclude Include="IDriveNotify.h">
      <Filter>Archivos de encabezado</Filter>
    </ClInclude>
    <ClInclude Include="SrvMngr.h">
      <Filter>Archivos de encabezado</Filter>
    </ClInclude>
  </ItemGroup>
  <ItemGroup>
    <ResourceCompile Include="DwUserAgent.rc">
      <Filter>Archivos de recursos</Filter>
    </ResourceCompile>
  </ItemGroup>
  <ItemGroup>
    <None Include="ReadMe.txt" />
    <None Include="DwUserAgent.rgs">
      <Filter>Archivos de recursos</Filter>
    </None>
    <None Include="TrayClose.bmp">
      <Filter>Archivos de recursos</Filter>
    </None>
    <None Include="TrayBackGround.bmp">
      <Filter>Archivos de recursos</Filter>
    </None>
    <None Include="DwUserAgent.cd" />
    <None Include="rt_manif.bin">
      <Filter>Archivos de recursos</Filter>
    </None>
    <None Include="DrainwareLogo.bmp">
      <Filter>Archivos de recursos</Filter>
    </None>
    <None Include="Drainware.ico">
      <Filter>Archivos de recursos</Filter>
    </None>
  </ItemGroup>
  <ItemGroup>
    <Midl Include="DwUserAgent.idl">
      <Filter>Archivos de código fuente</Filter>
    </Midl>
  </ItemGroup>
  <ItemGroup>
    <Manifest Include="DwUserAgent.manifest">
      <Filter>Archivos de código fuente</Filter>
    </Manifest>
  </ItemGroup>
  <ItemGroup>
    <Image Include="DrainwareLogo.png">
      <Filter>Archivos de recursos</Filter>
    </Image>
  </ItemGroup>
</Project>